// !$*UTF8*$!
{
	archiveVersion = 1;
	classes = {
	};
	objectVersion = 55;
	objects = {

/* Begin PBXBuildFile section */
		5601135E95C46F80F2FA41E1 /* Pods_WebAntApp.framework in Frameworks */ = {isa = PBXBuildFile; fileRef = C0FF06869783F558A16850F5 /* Pods_WebAntApp.framework */; };
		8C36BDA3285B276E0089D180 /* UserEntity.swift in Sources */ = {isa = PBXBuildFile; fileRef = 8C36BDA2285B276E0089D180 /* UserEntity.swift */; };
		8C36BDA5285B41CE0089D180 /* DI.swift in Sources */ = {isa = PBXBuildFile; fileRef = 8C36BDA4285B41CE0089D180 /* DI.swift */; };
		8C36BDA7285B57A50089D180 /* SignUpUseCase.swift in Sources */ = {isa = PBXBuildFile; fileRef = 8C36BDA6285B57A50089D180 /* SignUpUseCase.swift */; };
		8C36BDA9285C580A0089D180 /* SignUpGateway.swift in Sources */ = {isa = PBXBuildFile; fileRef = 8C36BDA8285C580A0089D180 /* SignUpGateway.swift */; };
		8C6B3F662853447300153686 /* SignInStoryboard.storyboard in Resources */ = {isa = PBXBuildFile; fileRef = 8C6B3F602853447300153686 /* SignInStoryboard.storyboard */; };
		8C6B3F672853447300153686 /* SignInRouter.swift in Sources */ = {isa = PBXBuildFile; fileRef = 8C6B3F612853447300153686 /* SignInRouter.swift */; };
		8C6B3F692853447300153686 /* SignInPresenterImp.swift in Sources */ = {isa = PBXBuildFile; fileRef = 8C6B3F632853447300153686 /* SignInPresenterImp.swift */; };
		8C6B3F6A2853447300153686 /* SignInConfigurator.swift in Sources */ = {isa = PBXBuildFile; fileRef = 8C6B3F642853447300153686 /* SignInConfigurator.swift */; };
		8C6B3F6E2853450700153686 /* SignInView.swift in Sources */ = {isa = PBXBuildFile; fileRef = 8C6B3F6D2853450700153686 /* SignInView.swift */; };
		8C6B3F6F2853450700153686 /* SignInPresenter.swift in Sources */ = {isa = PBXBuildFile; fileRef = 8C6B3F6C2853450700153686 /* SignInPresenter.swift */; };
		8C6B3F772853645C00153686 /* SignUpStoryboard.storyboard in Resources */ = {isa = PBXBuildFile; fileRef = 8C6B3F712853645B00153686 /* SignUpStoryboard.storyboard */; };
		8C6B3F782853645C00153686 /* SignUpRouter.swift in Sources */ = {isa = PBXBuildFile; fileRef = 8C6B3F722853645B00153686 /* SignUpRouter.swift */; };
		8C6B3F7A2853645C00153686 /* SignUpPresenterImp.swift in Sources */ = {isa = PBXBuildFile; fileRef = 8C6B3F742853645B00153686 /* SignUpPresenterImp.swift */; };
		8C6B3F7B2853645C00153686 /* SignUpConfigurator.swift in Sources */ = {isa = PBXBuildFile; fileRef = 8C6B3F752853645B00153686 /* SignUpConfigurator.swift */; };
		8C6B3F7E285364A700153686 /* SignUpPresenter.swift in Sources */ = {isa = PBXBuildFile; fileRef = 8C6B3F7D285364A700153686 /* SignUpPresenter.swift */; };
		8C6B3F80285364AA00153686 /* SignUpView.swift in Sources */ = {isa = PBXBuildFile; fileRef = 8C6B3F7F285364AA00153686 /* SignUpView.swift */; };
		8C6B3F842858934800153686 /* ExtendedApiRequest.swift in Sources */ = {isa = PBXBuildFile; fileRef = 8C6B3F832858934800153686 /* ExtendedApiRequest.swift */; };
		8C6B3F88285893F900153686 /* ApiBaseGateway.swift in Sources */ = {isa = PBXBuildFile; fileRef = 8C6B3F87285893F900153686 /* ApiBaseGateway.swift */; };
		8C6B3F8A2858941900153686 /* RegistrationGateway.swift in Sources */ = {isa = PBXBuildFile; fileRef = 8C6B3F892858941900153686 /* RegistrationGateway.swift */; };
		8C6B3F8C2858957E00153686 /* Requests.swift in Sources */ = {isa = PBXBuildFile; fileRef = 8C6B3F8B2858957E00153686 /* Requests.swift */; };
		8C6B3F8E28589CF400153686 /* RegistrationUseCase.swift in Sources */ = {isa = PBXBuildFile; fileRef = 8C6B3F8D28589CF400153686 /* RegistrationUseCase.swift */; };
		8C6B3F902859D7F900153686 /* Validator.swift in Sources */ = {isa = PBXBuildFile; fileRef = 8C6B3F8F2859D7F900153686 /* Validator.swift */; };
		8C6B3F932859E94900153686 /* Config.swift in Sources */ = {isa = PBXBuildFile; fileRef = 8C6B3F922859E94900153686 /* Config.swift */; };
		8C6B3F962859EA6E00153686 /* SignInGateway.swift in Sources */ = {isa = PBXBuildFile; fileRef = 8C6B3F952859EA6E00153686 /* SignInGateway.swift */; };
		8C6B3F982859EBE100153686 /* Token.swift in Sources */ = {isa = PBXBuildFile; fileRef = 8C6B3F972859EBE100153686 /* Token.swift */; };
		8C6B3F9A2859ED8800153686 /* SignInUseCase.swift in Sources */ = {isa = PBXBuildFile; fileRef = 8C6B3F992859ED8700153686 /* SignInUseCase.swift */; };
		8C6B3F9C2859F6F700153686 /* StringManager.swift in Sources */ = {isa = PBXBuildFile; fileRef = 8C6B3F9B2859F6F700153686 /* StringManager.swift */; };
		8C7DE78F284E0F34001F9D9B /* AppDelegate.swift in Sources */ = {isa = PBXBuildFile; fileRef = 8C7DE78E284E0F34001F9D9B /* AppDelegate.swift */; };
		8C7DE791284E0F34001F9D9B /* SceneDelegate.swift in Sources */ = {isa = PBXBuildFile; fileRef = 8C7DE790284E0F34001F9D9B /* SceneDelegate.swift */; };
		8C7DE793284E0F34001F9D9B /* WelcomeController.swift in Sources */ = {isa = PBXBuildFile; fileRef = 8C7DE792284E0F34001F9D9B /* WelcomeController.swift */; };
		8C7DE796284E0F34001F9D9B /* Main.storyboard in Resources */ = {isa = PBXBuildFile; fileRef = 8C7DE794284E0F34001F9D9B /* Main.storyboard */; };
		8C7DE798284E0F35001F9D9B /* Assets.xcassets in Resources */ = {isa = PBXBuildFile; fileRef = 8C7DE797284E0F35001F9D9B /* Assets.xcassets */; };
		8C7DE79B284E0F35001F9D9B /* LaunchScreen.storyboard in Resources */ = {isa = PBXBuildFile; fileRef = 8C7DE799284E0F35001F9D9B /* LaunchScreen.storyboard */; };
		8C7DE7B028509949001F9D9B /* DesignableUITextField.swift in Sources */ = {isa = PBXBuildFile; fileRef = 8C7DE7AF28509949001F9D9B /* DesignableUITextField.swift */; };
		8C7DE7B92850B313001F9D9B /* SignIn.storyboard in Resources */ = {isa = PBXBuildFile; fileRef = 8C7DE7B82850B313001F9D9B /* SignIn.storyboard */; };
		8C7DE7BB2850B32B001F9D9B /* SignUp.storyboard in Resources */ = {isa = PBXBuildFile; fileRef = 8C7DE7BA2850B32B001F9D9B /* SignUp.storyboard */; };
		8C7DE7BD2850B350001F9D9B /* SignInViewController.swift in Sources */ = {isa = PBXBuildFile; fileRef = 8C7DE7BC2850B350001F9D9B /* SignInViewController.swift */; };
		8C7DE7BF2850B363001F9D9B /* SignUpViewController.swift in Sources */ = {isa = PBXBuildFile; fileRef = 8C7DE7BE2850B363001F9D9B /* SignUpViewController.swift */; };
		8CA8A8D72853330E0037D6DE /* R.generated.swift in Sources */ = {isa = PBXBuildFile; fileRef = 8CA8A8D62853330E0037D6DE /* R.generated.swift */; };
		8CA8A8DF2853341B0037D6DE /* WelcomeStoryboard.storyboard in Resources */ = {isa = PBXBuildFile; fileRef = 8CA8A8D92853341B0037D6DE /* WelcomeStoryboard.storyboard */; };
		8CA8A8E02853341B0037D6DE /* WelcomeRouter.swift in Sources */ = {isa = PBXBuildFile; fileRef = 8CA8A8DA2853341B0037D6DE /* WelcomeRouter.swift */; };
		8CA8A8E22853341B0037D6DE /* WelcomePresenterImp.swift in Sources */ = {isa = PBXBuildFile; fileRef = 8CA8A8DC2853341B0037D6DE /* WelcomePresenterImp.swift */; };
		8CA8A8E32853341B0037D6DE /* WelcomeConfigurator.swift in Sources */ = {isa = PBXBuildFile; fileRef = 8CA8A8DD2853341B0037D6DE /* WelcomeConfigurator.swift */; };
		8CA8A8E62853346B0037D6DE /* WelcomePresenter.swift in Sources */ = {isa = PBXBuildFile; fileRef = 8CA8A8E52853346B0037D6DE /* WelcomePresenter.swift */; };
		8CA8A8E82853346D0037D6DE /* WelcomeView.swift in Sources */ = {isa = PBXBuildFile; fileRef = 8CA8A8E72853346D0037D6DE /* WelcomeView.swift */; };
		8CA8A8EA285336340037D6DE /* BaseRouter.swift in Sources */ = {isa = PBXBuildFile; fileRef = 8CA8A8E9285336340037D6DE /* BaseRouter.swift */; };
/* End PBXBuildFile section */

/* Begin PBXFileReference section */
		04389DDD9DC4C51A7AC84D80 /* Pods-WebAntApp.release.xcconfig */ = {isa = PBXFileReference; includeInIndex = 1; lastKnownFileType = text.xcconfig; name = "Pods-WebAntApp.release.xcconfig"; path = "Target Support Files/Pods-WebAntApp/Pods-WebAntApp.release.xcconfig"; sourceTree = "<group>"; };
		3E91C675A7E4D9ECF649FA35 /* Pods-WebAntApp.debug.xcconfig */ = {isa = PBXFileReference; includeInIndex = 1; lastKnownFileType = text.xcconfig; name = "Pods-WebAntApp.debug.xcconfig"; path = "Target Support Files/Pods-WebAntApp/Pods-WebAntApp.debug.xcconfig"; sourceTree = "<group>"; };
		8C36BDA2285B276E0089D180 /* UserEntity.swift */ = {isa = PBXFileReference; lastKnownFileType = sourcecode.swift; path = UserEntity.swift; sourceTree = "<group>"; };
		8C36BDA4285B41CE0089D180 /* DI.swift */ = {isa = PBXFileReference; lastKnownFileType = sourcecode.swift; path = DI.swift; sourceTree = "<group>"; };
		8C36BDA6285B57A50089D180 /* SignUpUseCase.swift */ = {isa = PBXFileReference; lastKnownFileType = sourcecode.swift; path = SignUpUseCase.swift; sourceTree = "<group>"; };
		8C36BDA8285C580A0089D180 /* SignUpGateway.swift */ = {isa = PBXFileReference; lastKnownFileType = sourcecode.swift; path = SignUpGateway.swift; sourceTree = "<group>"; };
		8C6B3F602853447300153686 /* SignInStoryboard.storyboard */ = {isa = PBXFileReference; lastKnownFileType = file.storyboard; path = SignInStoryboard.storyboard; sourceTree = "<group>"; };
		8C6B3F612853447300153686 /* SignInRouter.swift */ = {isa = PBXFileReference; lastKnownFileType = sourcecode.swift; path = SignInRouter.swift; sourceTree = "<group>"; };
		8C6B3F632853447300153686 /* SignInPresenterImp.swift */ = {isa = PBXFileReference; lastKnownFileType = sourcecode.swift; path = SignInPresenterImp.swift; sourceTree = "<group>"; };
		8C6B3F642853447300153686 /* SignInConfigurator.swift */ = {isa = PBXFileReference; lastKnownFileType = sourcecode.swift; path = SignInConfigurator.swift; sourceTree = "<group>"; };
		8C6B3F6C2853450700153686 /* SignInPresenter.swift */ = {isa = PBXFileReference; lastKnownFileType = sourcecode.swift; path = SignInPresenter.swift; sourceTree = "<group>"; };
		8C6B3F6D2853450700153686 /* SignInView.swift */ = {isa = PBXFileReference; lastKnownFileType = sourcecode.swift; path = SignInView.swift; sourceTree = "<group>"; };
		8C6B3F712853645B00153686 /* SignUpStoryboard.storyboard */ = {isa = PBXFileReference; lastKnownFileType = file.storyboard; path = SignUpStoryboard.storyboard; sourceTree = "<group>"; };
		8C6B3F722853645B00153686 /* SignUpRouter.swift */ = {isa = PBXFileReference; lastKnownFileType = sourcecode.swift; path = SignUpRouter.swift; sourceTree = "<group>"; };
		8C6B3F742853645B00153686 /* SignUpPresenterImp.swift */ = {isa = PBXFileReference; lastKnownFileType = sourcecode.swift; path = SignUpPresenterImp.swift; sourceTree = "<group>"; };
		8C6B3F752853645B00153686 /* SignUpConfigurator.swift */ = {isa = PBXFileReference; lastKnownFileType = sourcecode.swift; path = SignUpConfigurator.swift; sourceTree = "<group>"; };
		8C6B3F7D285364A700153686 /* SignUpPresenter.swift */ = {isa = PBXFileReference; lastKnownFileType = sourcecode.swift; path = SignUpPresenter.swift; sourceTree = "<group>"; };
		8C6B3F7F285364AA00153686 /* SignUpView.swift */ = {isa = PBXFileReference; lastKnownFileType = sourcecode.swift; path = SignUpView.swift; sourceTree = "<group>"; };
		8C6B3F832858934800153686 /* ExtendedApiRequest.swift */ = {isa = PBXFileReference; lastKnownFileType = sourcecode.swift; path = ExtendedApiRequest.swift; sourceTree = "<group>"; };
		8C6B3F87285893F900153686 /* ApiBaseGateway.swift */ = {isa = PBXFileReference; lastKnownFileType = sourcecode.swift; path = ApiBaseGateway.swift; sourceTree = "<group>"; };
		8C6B3F892858941900153686 /* RegistrationGateway.swift */ = {isa = PBXFileReference; lastKnownFileType = sourcecode.swift; path = RegistrationGateway.swift; sourceTree = "<group>"; };
		8C6B3F8B2858957E00153686 /* Requests.swift */ = {isa = PBXFileReference; lastKnownFileType = sourcecode.swift; path = Requests.swift; sourceTree = "<group>"; };
		8C6B3F8D28589CF400153686 /* RegistrationUseCase.swift */ = {isa = PBXFileReference; lastKnownFileType = sourcecode.swift; path = RegistrationUseCase.swift; sourceTree = "<group>"; };
		8C6B3F8F2859D7F900153686 /* Validator.swift */ = {isa = PBXFileReference; lastKnownFileType = sourcecode.swift; path = Validator.swift; sourceTree = "<group>"; };
		8C6B3F922859E94900153686 /* Config.swift */ = {isa = PBXFileReference; lastKnownFileType = sourcecode.swift; path = Config.swift; sourceTree = "<group>"; };
		8C6B3F952859EA6E00153686 /* SignInGateway.swift */ = {isa = PBXFileReference; lastKnownFileType = sourcecode.swift; path = SignInGateway.swift; sourceTree = "<group>"; };
		8C6B3F972859EBE100153686 /* Token.swift */ = {isa = PBXFileReference; lastKnownFileType = sourcecode.swift; path = Token.swift; sourceTree = "<group>"; };
		8C6B3F992859ED8700153686 /* SignInUseCase.swift */ = {isa = PBXFileReference; lastKnownFileType = sourcecode.swift; path = SignInUseCase.swift; sourceTree = "<group>"; };
		8C6B3F9B2859F6F700153686 /* StringManager.swift */ = {isa = PBXFileReference; lastKnownFileType = sourcecode.swift; path = StringManager.swift; sourceTree = "<group>"; };
		8C7DE78B284E0F34001F9D9B /* WebAntApp.app */ = {isa = PBXFileReference; explicitFileType = wrapper.application; includeInIndex = 0; path = WebAntApp.app; sourceTree = BUILT_PRODUCTS_DIR; };
		8C7DE78E284E0F34001F9D9B /* AppDelegate.swift */ = {isa = PBXFileReference; lastKnownFileType = sourcecode.swift; path = AppDelegate.swift; sourceTree = "<group>"; };
		8C7DE790284E0F34001F9D9B /* SceneDelegate.swift */ = {isa = PBXFileReference; lastKnownFileType = sourcecode.swift; path = SceneDelegate.swift; sourceTree = "<group>"; };
		8C7DE792284E0F34001F9D9B /* WelcomeController.swift */ = {isa = PBXFileReference; lastKnownFileType = sourcecode.swift; path = WelcomeController.swift; sourceTree = "<group>"; };
		8C7DE795284E0F34001F9D9B /* Base */ = {isa = PBXFileReference; lastKnownFileType = file.storyboard; name = Base; path = Base.lproj/Main.storyboard; sourceTree = "<group>"; };
		8C7DE797284E0F35001F9D9B /* Assets.xcassets */ = {isa = PBXFileReference; lastKnownFileType = folder.assetcatalog; path = Assets.xcassets; sourceTree = "<group>"; };
		8C7DE79A284E0F35001F9D9B /* Base */ = {isa = PBXFileReference; lastKnownFileType = file.storyboard; name = Base; path = Base.lproj/LaunchScreen.storyboard; sourceTree = "<group>"; };
		8C7DE79C284E0F35001F9D9B /* Info.plist */ = {isa = PBXFileReference; lastKnownFileType = text.plist.xml; path = Info.plist; sourceTree = "<group>"; };
		8C7DE7AF28509949001F9D9B /* DesignableUITextField.swift */ = {isa = PBXFileReference; lastKnownFileType = sourcecode.swift; path = DesignableUITextField.swift; sourceTree = "<group>"; };
		8C7DE7B82850B313001F9D9B /* SignIn.storyboard */ = {isa = PBXFileReference; lastKnownFileType = file.storyboard; path = SignIn.storyboard; sourceTree = "<group>"; };
		8C7DE7BA2850B32B001F9D9B /* SignUp.storyboard */ = {isa = PBXFileReference; lastKnownFileType = file.storyboard; path = SignUp.storyboard; sourceTree = "<group>"; };
		8C7DE7BC2850B350001F9D9B /* SignInViewController.swift */ = {isa = PBXFileReference; lastKnownFileType = sourcecode.swift; path = SignInViewController.swift; sourceTree = "<group>"; };
		8C7DE7BE2850B363001F9D9B /* SignUpViewController.swift */ = {isa = PBXFileReference; lastKnownFileType = sourcecode.swift; path = SignUpViewController.swift; sourceTree = "<group>"; };
		8CA8A8D62853330E0037D6DE /* R.generated.swift */ = {isa = PBXFileReference; fileEncoding = 4; lastKnownFileType = sourcecode.swift; path = R.generated.swift; sourceTree = SOURCE_ROOT; };
		8CA8A8D92853341B0037D6DE /* WelcomeStoryboard.storyboard */ = {isa = PBXFileReference; lastKnownFileType = file.storyboard; path = WelcomeStoryboard.storyboard; sourceTree = "<group>"; };
		8CA8A8DA2853341B0037D6DE /* WelcomeRouter.swift */ = {isa = PBXFileReference; lastKnownFileType = sourcecode.swift; path = WelcomeRouter.swift; sourceTree = "<group>"; };
		8CA8A8DC2853341B0037D6DE /* WelcomePresenterImp.swift */ = {isa = PBXFileReference; lastKnownFileType = sourcecode.swift; path = WelcomePresenterImp.swift; sourceTree = "<group>"; };
		8CA8A8DD2853341B0037D6DE /* WelcomeConfigurator.swift */ = {isa = PBXFileReference; lastKnownFileType = sourcecode.swift; path = WelcomeConfigurator.swift; sourceTree = "<group>"; };
		8CA8A8E52853346B0037D6DE /* WelcomePresenter.swift */ = {isa = PBXFileReference; lastKnownFileType = sourcecode.swift; path = WelcomePresenter.swift; sourceTree = "<group>"; };
		8CA8A8E72853346D0037D6DE /* WelcomeView.swift */ = {isa = PBXFileReference; lastKnownFileType = sourcecode.swift; path = WelcomeView.swift; sourceTree = "<group>"; };
		8CA8A8E9285336340037D6DE /* BaseRouter.swift */ = {isa = PBXFileReference; lastKnownFileType = sourcecode.swift; path = BaseRouter.swift; sourceTree = "<group>"; };
		C0FF06869783F558A16850F5 /* Pods_WebAntApp.framework */ = {isa = PBXFileReference; explicitFileType = wrapper.framework; includeInIndex = 0; path = Pods_WebAntApp.framework; sourceTree = BUILT_PRODUCTS_DIR; };
/* End PBXFileReference section */

/* Begin PBXFrameworksBuildPhase section */
		8C7DE788284E0F34001F9D9B /* Frameworks */ = {
			isa = PBXFrameworksBuildPhase;
			buildActionMask = 2147483647;
			files = (
				5601135E95C46F80F2FA41E1 /* Pods_WebAntApp.framework in Frameworks */,
			);
			runOnlyForDeploymentPostprocessing = 0;
		};
/* End PBXFrameworksBuildPhase section */

/* Begin PBXGroup section */
		618DB4E23E02E7EF174C2458 /* Pods */ = {
			isa = PBXGroup;
			children = (
				3E91C675A7E4D9ECF649FA35 /* Pods-WebAntApp.debug.xcconfig */,
				04389DDD9DC4C51A7AC84D80 /* Pods-WebAntApp.release.xcconfig */,
			);
			path = Pods;
			sourceTree = "<group>";
		};
		82D9D9D4CD6CDA989FA7401C /* Frameworks */ = {
			isa = PBXGroup;
			children = (
				C0FF06869783F558A16850F5 /* Pods_WebAntApp.framework */,
			);
			name = Frameworks;
			sourceTree = "<group>";
		};
		8C36BD9E285B15DE0089D180 /* Base */ = {
			isa = PBXGroup;
			children = (
				8CA8A8E9285336340037D6DE /* BaseRouter.swift */,
			);
			path = Base;
			sourceTree = "<group>";
		};
		8C36BDA1285B274B0089D180 /* UserEntities */ = {
			isa = PBXGroup;
			children = (
				8C36BDA2285B276E0089D180 /* UserEntity.swift */,
			);
			path = UserEntities;
			sourceTree = "<group>";
		};
		8C36BDAA285C5A8A0089D180 /* UseCases */ = {
			isa = PBXGroup;
			children = (
				8C36BDA6285B57A50089D180 /* SignUpUseCase.swift */,
				8C6B3F992859ED8700153686 /* SignInUseCase.swift */,
			);
			path = UseCases;
			sourceTree = "<group>";
		};
		8C6B3F5F28533E9B00153686 /* SignInScene */ = {
			isa = PBXGroup;
			children = (
				8C7DE7BC2850B350001F9D9B /* SignInViewController.swift */,
				8C6B3F602853447300153686 /* SignInStoryboard.storyboard */,
				8C6B3F612853447300153686 /* SignInRouter.swift */,
				8C6B3F632853447300153686 /* SignInPresenterImp.swift */,
				8C6B3F642853447300153686 /* SignInConfigurator.swift */,
				8C6B3F6C2853450700153686 /* SignInPresenter.swift */,
				8C6B3F6D2853450700153686 /* SignInView.swift */,
			);
			path = SignInScene;
			sourceTree = "<group>";
		};
		8C6B3F702853643600153686 /* SignUpScene */ = {
			isa = PBXGroup;
			children = (
				8C7DE7BE2850B363001F9D9B /* SignUpViewController.swift */,
				8C7DE7BA2850B32B001F9D9B /* SignUp.storyboard */,
				8C6B3F712853645B00153686 /* SignUpStoryboard.storyboard */,
				8C6B3F722853645B00153686 /* SignUpRouter.swift */,
				8C6B3F742853645B00153686 /* SignUpPresenterImp.swift */,
				8C6B3F752853645B00153686 /* SignUpConfigurator.swift */,
				8C6B3F7D285364A700153686 /* SignUpPresenter.swift */,
				8C6B3F7F285364AA00153686 /* SignUpView.swift */,
			);
			path = SignUpScene;
			sourceTree = "<group>";
		};
		8C6B3F82285892AE00153686 /* ApiRequest */ = {
			isa = PBXGroup;
			children = (
				8C6B3F832858934800153686 /* ExtendedApiRequest.swift */,
				8C6B3F87285893F900153686 /* ApiBaseGateway.swift */,
				8C6B3F892858941900153686 /* RegistrationGateway.swift */,
				8C6B3F8B2858957E00153686 /* Requests.swift */,
				8C6B3F8D28589CF400153686 /* RegistrationUseCase.swift */,
			);
			path = ApiRequest;
			sourceTree = "<group>";
		};
		8C6B3F912859E92F00153686 /* Config */ = {
			isa = PBXGroup;
			children = (
				8C6B3F922859E94900153686 /* Config.swift */,
			);
			path = Config;
			sourceTree = "<group>";
		};
		8C6B3F942859EA5200153686 /* Gateways */ = {
			isa = PBXGroup;
			children = (
				8C6B3F952859EA6E00153686 /* SignInGateway.swift */,
				8C36BDA8285C580A0089D180 /* SignUpGateway.swift */,
			);
			path = Gateways;
			sourceTree = "<group>";
		};
		8C7DE782284E0F34001F9D9B = {
			isa = PBXGroup;
			children = (
				8C36BDA4285B41CE0089D180 /* DI.swift */,
				8C36BDAA285C5A8A0089D180 /* UseCases */,
				8C6B3F972859EBE100153686 /* Token.swift */,
				8C36BDA1285B274B0089D180 /* UserEntities */,
				8C36BD9E285B15DE0089D180 /* Base */,
				8C6B3F942859EA5200153686 /* Gateways */,
				8C6B3F912859E92F00153686 /* Config */,
				8C6B3F82285892AE00153686 /* ApiRequest */,
				8C6B3F702853643600153686 /* SignUpScene */,
				8C6B3F5F28533E9B00153686 /* SignInScene */,
				8CA8A8D8285333CC0037D6DE /* WelcomeScene */,
				8CA8A8D5285332D10037D6DE /* Resources */,
				8C7DE78D284E0F34001F9D9B /* WebAntApp */,
				8C7DE78C284E0F34001F9D9B /* Products */,
				618DB4E23E02E7EF174C2458 /* Pods */,
				82D9D9D4CD6CDA989FA7401C /* Frameworks */,
			);
			sourceTree = "<group>";
		};
		8C7DE78C284E0F34001F9D9B /* Products */ = {
			isa = PBXGroup;
			children = (
				8C7DE78B284E0F34001F9D9B /* WebAntApp.app */,
			);
			name = Products;
			sourceTree = "<group>";
		};
		8C7DE78D284E0F34001F9D9B /* WebAntApp */ = {
			isa = PBXGroup;
			children = (
				8C7DE7B32850A7E4001F9D9B /* Scenes */,
				8C7DE797284E0F35001F9D9B /* Assets.xcassets */,
				8C7DE79C284E0F35001F9D9B /* Info.plist */,
			);
			path = WebAntApp;
			sourceTree = "<group>";
		};
		8C7DE7AC2850987E001F9D9B /* Extensions */ = {
			isa = PBXGroup;
			children = (
				8C6B3F8F2859D7F900153686 /* Validator.swift */,
				8C7DE7AF28509949001F9D9B /* DesignableUITextField.swift */,
				8C6B3F9B2859F6F700153686 /* StringManager.swift */,
			);
			path = Extensions;
			sourceTree = "<group>";
		};
		8C7DE7B32850A7E4001F9D9B /* Scenes */ = {
			isa = PBXGroup;
			children = (
				8C7DE794284E0F34001F9D9B /* Main.storyboard */,
				8C7DE7B82850B313001F9D9B /* SignIn.storyboard */,
				8C7DE799284E0F35001F9D9B /* LaunchScreen.storyboard */,
				8CA8A8D0285207310037D6DE /* SupportingFiles */,
			);
			path = Scenes;
			sourceTree = "<group>";
		};
		8CA8A8D0285207310037D6DE /* SupportingFiles */ = {
			isa = PBXGroup;
			children = (
				8C7DE790284E0F34001F9D9B /* SceneDelegate.swift */,
				8C7DE78E284E0F34001F9D9B /* AppDelegate.swift */,
			);
			path = SupportingFiles;
			sourceTree = "<group>";
		};
		8CA8A8D5285332D10037D6DE /* Resources */ = {
			isa = PBXGroup;
			children = (
				8C7DE7AC2850987E001F9D9B /* Extensions */,
				8CA8A8D62853330E0037D6DE /* R.generated.swift */,
			);
			path = Resources;
			sourceTree = "<group>";
		};
		8CA8A8D8285333CC0037D6DE /* WelcomeScene */ = {
			isa = PBXGroup;
			children = (
				8C7DE792284E0F34001F9D9B /* WelcomeController.swift */,
				8CA8A8D92853341B0037D6DE /* WelcomeStoryboard.storyboard */,
				8CA8A8DA2853341B0037D6DE /* WelcomeRouter.swift */,
				8CA8A8DC2853341B0037D6DE /* WelcomePresenterImp.swift */,
				8CA8A8DD2853341B0037D6DE /* WelcomeConfigurator.swift */,
				8CA8A8E52853346B0037D6DE /* WelcomePresenter.swift */,
				8CA8A8E72853346D0037D6DE /* WelcomeView.swift */,
			);
			path = WelcomeScene;
			sourceTree = "<group>";
		};
/* End PBXGroup section */

/* Begin PBXNativeTarget section */
		8C7DE78A284E0F34001F9D9B /* WebAntApp */ = {
			isa = PBXNativeTarget;
			buildConfigurationList = 8C7DE79F284E0F35001F9D9B /* Build configuration list for PBXNativeTarget "WebAntApp" */;
			buildPhases = (
				1C8E184A0E4DF1246F1E46B9 /* [CP] Check Pods Manifest.lock */,
				8CA8A8D4285331CE0037D6DE /* ShellScript */,
				8C7DE787284E0F34001F9D9B /* Sources */,
				8C7DE788284E0F34001F9D9B /* Frameworks */,
				8C7DE789284E0F34001F9D9B /* Resources */,
				A5B8B1218EFCCAFCE087873D /* [CP] Embed Pods Frameworks */,
			);
			buildRules = (
			);
			dependencies = (
			);
			name = WebAntApp;
			productName = WebAntApp;
			productReference = 8C7DE78B284E0F34001F9D9B /* WebAntApp.app */;
			productType = "com.apple.product-type.application";
		};
/* End PBXNativeTarget section */

/* Begin PBXProject section */
		8C7DE783284E0F34001F9D9B /* Project object */ = {
			isa = PBXProject;
			attributes = {
				BuildIndependentTargetsInParallel = 1;
				LastSwiftUpdateCheck = 1330;
				LastUpgradeCheck = 1330;
				TargetAttributes = {
					8C7DE78A284E0F34001F9D9B = {
						CreatedOnToolsVersion = 13.3;
					};
				};
			};
			buildConfigurationList = 8C7DE786284E0F34001F9D9B /* Build configuration list for PBXProject "WebAntApp" */;
			compatibilityVersion = "Xcode 13.0";
			developmentRegion = en;
			hasScannedForEncodings = 0;
			knownRegions = (
				en,
				Base,
			);
			mainGroup = 8C7DE782284E0F34001F9D9B;
			productRefGroup = 8C7DE78C284E0F34001F9D9B /* Products */;
			projectDirPath = "";
			projectRoot = "";
			targets = (
				8C7DE78A284E0F34001F9D9B /* WebAntApp */,
			);
		};
/* End PBXProject section */

/* Begin PBXResourcesBuildPhase section */
		8C7DE789284E0F34001F9D9B /* Resources */ = {
			isa = PBXResourcesBuildPhase;
			buildActionMask = 2147483647;
			files = (
				8C7DE7B92850B313001F9D9B /* SignIn.storyboard in Resources */,
				8C6B3F772853645C00153686 /* SignUpStoryboard.storyboard in Resources */,
				8C7DE79B284E0F35001F9D9B /* LaunchScreen.storyboard in Resources */,
				8C7DE798284E0F35001F9D9B /* Assets.xcassets in Resources */,
				8C6B3F662853447300153686 /* SignInStoryboard.storyboard in Resources */,
				8CA8A8DF2853341B0037D6DE /* WelcomeStoryboard.storyboard in Resources */,
				8C7DE796284E0F34001F9D9B /* Main.storyboard in Resources */,
				8C7DE7BB2850B32B001F9D9B /* SignUp.storyboard in Resources */,
			);
			runOnlyForDeploymentPostprocessing = 0;
		};
/* End PBXResourcesBuildPhase section */

/* Begin PBXShellScriptBuildPhase section */
		1C8E184A0E4DF1246F1E46B9 /* [CP] Check Pods Manifest.lock */ = {
			isa = PBXShellScriptBuildPhase;
			buildActionMask = 2147483647;
			files = (
			);
			inputFileListPaths = (
			);
			inputPaths = (
				"${PODS_PODFILE_DIR_PATH}/Podfile.lock",
				"${PODS_ROOT}/Manifest.lock",
			);
			name = "[CP] Check Pods Manifest.lock";
			outputFileListPaths = (
			);
			outputPaths = (
				"$(DERIVED_FILE_DIR)/Pods-WebAntApp-checkManifestLockResult.txt",
			);
			runOnlyForDeploymentPostprocessing = 0;
			shellPath = /bin/sh;
			shellScript = "diff \"${PODS_PODFILE_DIR_PATH}/Podfile.lock\" \"${PODS_ROOT}/Manifest.lock\" > /dev/null\nif [ $? != 0 ] ; then\n    # print error to STDERR\n    echo \"error: The sandbox is not in sync with the Podfile.lock. Run 'pod install' or update your CocoaPods installation.\" >&2\n    exit 1\nfi\n# This output is used by Xcode 'outputs' to avoid re-running this script phase.\necho \"SUCCESS\" > \"${SCRIPT_OUTPUT_FILE_0}\"\n";
			showEnvVarsInLog = 0;
		};
		8CA8A8D4285331CE0037D6DE /* ShellScript */ = {
			isa = PBXShellScriptBuildPhase;
			alwaysOutOfDate = 1;
			buildActionMask = 2147483647;
			files = (
			);
			inputFileListPaths = (
			);
			inputPaths = (
			);
			outputFileListPaths = (
			);
			outputPaths = (
				$SRCROOT/R.generated.swift,
			);
			runOnlyForDeploymentPostprocessing = 0;
			shellPath = /bin/sh;
			shellScript = "# Type a script or drag a script file from your workspace to insert its path.\n\"$PODS_ROOT/R.swift/rswift\" generate \"$SRCROOT/R.generated.swift\"\n";
		};
		A5B8B1218EFCCAFCE087873D /* [CP] Embed Pods Frameworks */ = {
			isa = PBXShellScriptBuildPhase;
			buildActionMask = 2147483647;
			files = (
			);
			inputFileListPaths = (
				"${PODS_ROOT}/Target Support Files/Pods-WebAntApp/Pods-WebAntApp-frameworks-${CONFIGURATION}-input-files.xcfilelist",
			);
			name = "[CP] Embed Pods Frameworks";
			outputFileListPaths = (
				"${PODS_ROOT}/Target Support Files/Pods-WebAntApp/Pods-WebAntApp-frameworks-${CONFIGURATION}-output-files.xcfilelist",
			);
			runOnlyForDeploymentPostprocessing = 0;
			shellPath = /bin/sh;
			shellScript = "\"${PODS_ROOT}/Target Support Files/Pods-WebAntApp/Pods-WebAntApp-frameworks.sh\"\n";
			showEnvVarsInLog = 0;
		};
/* End PBXShellScriptBuildPhase section */

/* Begin PBXSourcesBuildPhase section */
		8C7DE787284E0F34001F9D9B /* Sources */ = {
			isa = PBXSourcesBuildPhase;
			buildActionMask = 2147483647;
			files = (
				8C6B3F6E2853450700153686 /* SignInView.swift in Sources */,
				8C6B3F7E285364A700153686 /* SignUpPresenter.swift in Sources */,
				8CA8A8D72853330E0037D6DE /* R.generated.swift in Sources */,
				8C6B3F962859EA6E00153686 /* SignInGateway.swift in Sources */,
				8CA8A8E02853341B0037D6DE /* WelcomeRouter.swift in Sources */,
				8C6B3F9A2859ED8800153686 /* SignInUseCase.swift in Sources */,
				8C6B3F8E28589CF400153686 /* RegistrationUseCase.swift in Sources */,
				8C6B3F80285364AA00153686 /* SignUpView.swift in Sources */,
				8C6B3F982859EBE100153686 /* Token.swift in Sources */,
				8C6B3F8C2858957E00153686 /* Requests.swift in Sources */,
				8C6B3F6A2853447300153686 /* SignInConfigurator.swift in Sources */,
				8CA8A8E22853341B0037D6DE /* WelcomePresenterImp.swift in Sources */,
				8CA8A8E62853346B0037D6DE /* WelcomePresenter.swift in Sources */,
				8C6B3F6F2853450700153686 /* SignInPresenter.swift in Sources */,
				8C6B3F7A2853645C00153686 /* SignUpPresenterImp.swift in Sources */,
				8C6B3F7B2853645C00153686 /* SignUpConfigurator.swift in Sources */,
				8C6B3F9C2859F6F700153686 /* StringManager.swift in Sources */,
				8C6B3F902859D7F900153686 /* Validator.swift in Sources */,
				8C7DE7BF2850B363001F9D9B /* SignUpViewController.swift in Sources */,
				8CA8A8E32853341B0037D6DE /* WelcomeConfigurator.swift in Sources */,
				8C36BDA5285B41CE0089D180 /* DI.swift in Sources */,
				8C6B3F88285893F900153686 /* ApiBaseGateway.swift in Sources */,
				8C6B3F932859E94900153686 /* Config.swift in Sources */,
				8C7DE7B028509949001F9D9B /* DesignableUITextField.swift in Sources */,
				8CA8A8EA285336340037D6DE /* BaseRouter.swift in Sources */,
				8C6B3F692853447300153686 /* SignInPresenterImp.swift in Sources */,
				8C36BDA9285C580A0089D180 /* SignUpGateway.swift in Sources */,
				8C7DE793284E0F34001F9D9B /* WelcomeController.swift in Sources */,
				8C6B3F8A2858941900153686 /* RegistrationGateway.swift in Sources */,
				8CA8A8E82853346D0037D6DE /* WelcomeView.swift in Sources */,
				8C6B3F672853447300153686 /* SignInRouter.swift in Sources */,
				8C7DE78F284E0F34001F9D9B /* AppDelegate.swift in Sources */,
				8C36BDA3285B276E0089D180 /* UserEntity.swift in Sources */,
				8C36BDA7285B57A50089D180 /* SignUpUseCase.swift in Sources */,
				8C7DE7BD2850B350001F9D9B /* SignInViewController.swift in Sources */,
				8C7DE791284E0F34001F9D9B /* SceneDelegate.swift in Sources */,
				8C6B3F782853645C00153686 /* SignUpRouter.swift in Sources */,
				8C6B3F842858934800153686 /* ExtendedApiRequest.swift in Sources */,
			);
			runOnlyForDeploymentPostprocessing = 0;
		};
/* End PBXSourcesBuildPhase section */

/* Begin PBXVariantGroup section */
		8C7DE794284E0F34001F9D9B /* Main.storyboard */ = {
			isa = PBXVariantGroup;
			children = (
				8C7DE795284E0F34001F9D9B /* Base */,
			);
			name = Main.storyboard;
			sourceTree = "<group>";
		};
		8C7DE799284E0F35001F9D9B /* LaunchScreen.storyboard */ = {
			isa = PBXVariantGroup;
			children = (
				8C7DE79A284E0F35001F9D9B /* Base */,
			);
			name = LaunchScreen.storyboard;
			sourceTree = "<group>";
		};
/* End PBXVariantGroup section */

/* Begin XCBuildConfiguration section */
		8C7DE79D284E0F35001F9D9B /* Debug */ = {
			isa = XCBuildConfiguration;
			buildSettings = {
				ALWAYS_SEARCH_USER_PATHS = NO;
				CLANG_ANALYZER_NONNULL = YES;
				CLANG_ANALYZER_NUMBER_OBJECT_CONVERSION = YES_AGGRESSIVE;
				CLANG_CXX_LANGUAGE_STANDARD = "gnu++17";
				CLANG_ENABLE_MODULES = YES;
				CLANG_ENABLE_OBJC_ARC = YES;
				CLANG_ENABLE_OBJC_WEAK = YES;
				CLANG_WARN_BLOCK_CAPTURE_AUTORELEASING = YES;
				CLANG_WARN_BOOL_CONVERSION = YES;
				CLANG_WARN_COMMA = YES;
				CLANG_WARN_CONSTANT_CONVERSION = YES;
				CLANG_WARN_DEPRECATED_OBJC_IMPLEMENTATIONS = YES;
				CLANG_WARN_DIRECT_OBJC_ISA_USAGE = YES_ERROR;
				CLANG_WARN_DOCUMENTATION_COMMENTS = YES;
				CLANG_WARN_EMPTY_BODY = YES;
				CLANG_WARN_ENUM_CONVERSION = YES;
				CLANG_WARN_INFINITE_RECURSION = YES;
				CLANG_WARN_INT_CONVERSION = YES;
				CLANG_WARN_NON_LITERAL_NULL_CONVERSION = YES;
				CLANG_WARN_OBJC_IMPLICIT_RETAIN_SELF = YES;
				CLANG_WARN_OBJC_LITERAL_CONVERSION = YES;
				CLANG_WARN_OBJC_ROOT_CLASS = YES_ERROR;
				CLANG_WARN_QUOTED_INCLUDE_IN_FRAMEWORK_HEADER = YES;
				CLANG_WARN_RANGE_LOOP_ANALYSIS = YES;
				CLANG_WARN_STRICT_PROTOTYPES = YES;
				CLANG_WARN_SUSPICIOUS_MOVE = YES;
				CLANG_WARN_UNGUARDED_AVAILABILITY = YES_AGGRESSIVE;
				CLANG_WARN_UNREACHABLE_CODE = YES;
				CLANG_WARN__DUPLICATE_METHOD_MATCH = YES;
				COPY_PHASE_STRIP = NO;
				DEBUG_INFORMATION_FORMAT = dwarf;
				ENABLE_STRICT_OBJC_MSGSEND = YES;
				ENABLE_TESTABILITY = YES;
				GCC_C_LANGUAGE_STANDARD = gnu11;
				GCC_DYNAMIC_NO_PIC = NO;
				GCC_NO_COMMON_BLOCKS = YES;
				GCC_OPTIMIZATION_LEVEL = 0;
				GCC_PREPROCESSOR_DEFINITIONS = (
					"DEBUG=1",
					"$(inherited)",
				);
				GCC_WARN_64_TO_32_BIT_CONVERSION = YES;
				GCC_WARN_ABOUT_RETURN_TYPE = YES_ERROR;
				GCC_WARN_UNDECLARED_SELECTOR = YES;
				GCC_WARN_UNINITIALIZED_AUTOS = YES_AGGRESSIVE;
				GCC_WARN_UNUSED_FUNCTION = YES;
				GCC_WARN_UNUSED_VARIABLE = YES;
				IPHONEOS_DEPLOYMENT_TARGET = 15.4;
				MTL_ENABLE_DEBUG_INFO = INCLUDE_SOURCE;
				MTL_FAST_MATH = YES;
				ONLY_ACTIVE_ARCH = YES;
				SDKROOT = iphoneos;
				SWIFT_ACTIVE_COMPILATION_CONDITIONS = DEBUG;
				SWIFT_OPTIMIZATION_LEVEL = "-Onone";
			};
			name = Debug;
		};
		8C7DE79E284E0F35001F9D9B /* Release */ = {
			isa = XCBuildConfiguration;
			buildSettings = {
				ALWAYS_SEARCH_USER_PATHS = NO;
				CLANG_ANALYZER_NONNULL = YES;
				CLANG_ANALYZER_NUMBER_OBJECT_CONVERSION = YES_AGGRESSIVE;
				CLANG_CXX_LANGUAGE_STANDARD = "gnu++17";
				CLANG_ENABLE_MODULES = YES;
				CLANG_ENABLE_OBJC_ARC = YES;
				CLANG_ENABLE_OBJC_WEAK = YES;
				CLANG_WARN_BLOCK_CAPTURE_AUTORELEASING = YES;
				CLANG_WARN_BOOL_CONVERSION = YES;
				CLANG_WARN_COMMA = YES;
				CLANG_WARN_CONSTANT_CONVERSION = YES;
				CLANG_WARN_DEPRECATED_OBJC_IMPLEMENTATIONS = YES;
				CLANG_WARN_DIRECT_OBJC_ISA_USAGE = YES_ERROR;
				CLANG_WARN_DOCUMENTATION_COMMENTS = YES;
				CLANG_WARN_EMPTY_BODY = YES;
				CLANG_WARN_ENUM_CONVERSION = YES;
				CLANG_WARN_INFINITE_RECURSION = YES;
				CLANG_WARN_INT_CONVERSION = YES;
				CLANG_WARN_NON_LITERAL_NULL_CONVERSION = YES;
				CLANG_WARN_OBJC_IMPLICIT_RETAIN_SELF = YES;
				CLANG_WARN_OBJC_LITERAL_CONVERSION = YES;
				CLANG_WARN_OBJC_ROOT_CLASS = YES_ERROR;
				CLANG_WARN_QUOTED_INCLUDE_IN_FRAMEWORK_HEADER = YES;
				CLANG_WARN_RANGE_LOOP_ANALYSIS = YES;
				CLANG_WARN_STRICT_PROTOTYPES = YES;
				CLANG_WARN_SUSPICIOUS_MOVE = YES;
				CLANG_WARN_UNGUARDED_AVAILABILITY = YES_AGGRESSIVE;
				CLANG_WARN_UNREACHABLE_CODE = YES;
				CLANG_WARN__DUPLICATE_METHOD_MATCH = YES;
				COPY_PHASE_STRIP = NO;
				DEBUG_INFORMATION_FORMAT = "dwarf-with-dsym";
				ENABLE_NS_ASSERTIONS = NO;
				ENABLE_STRICT_OBJC_MSGSEND = YES;
				GCC_C_LANGUAGE_STANDARD = gnu11;
				GCC_NO_COMMON_BLOCKS = YES;
				GCC_WARN_64_TO_32_BIT_CONVERSION = YES;
				GCC_WARN_ABOUT_RETURN_TYPE = YES_ERROR;
				GCC_WARN_UNDECLARED_SELECTOR = YES;
				GCC_WARN_UNINITIALIZED_AUTOS = YES_AGGRESSIVE;
				GCC_WARN_UNUSED_FUNCTION = YES;
				GCC_WARN_UNUSED_VARIABLE = YES;
				IPHONEOS_DEPLOYMENT_TARGET = 15.4;
				MTL_ENABLE_DEBUG_INFO = NO;
				MTL_FAST_MATH = YES;
				SDKROOT = iphoneos;
				SWIFT_COMPILATION_MODE = wholemodule;
				SWIFT_OPTIMIZATION_LEVEL = "-O";
				VALIDATE_PRODUCT = YES;
			};
			name = Release;
		};
		8C7DE7A0284E0F35001F9D9B /* Debug */ = {
			isa = XCBuildConfiguration;
			baseConfigurationReference = 3E91C675A7E4D9ECF649FA35 /* Pods-WebAntApp.debug.xcconfig */;
			buildSettings = {
				ASSETCATALOG_COMPILER_APPICON_NAME = AppIcon;
				ASSETCATALOG_COMPILER_GLOBAL_ACCENT_COLOR_NAME = AccentColor;
				CODE_SIGN_STYLE = Automatic;
				CURRENT_PROJECT_VERSION = 1;
				DEVELOPMENT_TEAM = 6K8GT3Y82Q;
				GENERATE_INFOPLIST_FILE = YES;
				INFOPLIST_FILE = WebAntApp/Info.plist;
				INFOPLIST_KEY_UIApplicationSupportsIndirectInputEvents = YES;
				INFOPLIST_KEY_UILaunchStoryboardName = LaunchScreen;
				INFOPLIST_KEY_UISupportedInterfaceOrientations_iPad = "UIInterfaceOrientationPortrait UIInterfaceOrientationPortraitUpsideDown UIInterfaceOrientationLandscapeLeft UIInterfaceOrientationLandscapeRight";
				INFOPLIST_KEY_UISupportedInterfaceOrientations_iPhone = "UIInterfaceOrientationPortrait UIInterfaceOrientationLandscapeLeft UIInterfaceOrientationLandscapeRight";
				LD_RUNPATH_SEARCH_PATHS = (
					"$(inherited)",
					"@executable_path/Frameworks",
				);
				MARKETING_VERSION = 1.0;
				PRODUCT_BUNDLE_IDENTIFIER = com.yuliya.lesson22.WebAntApp;
				PRODUCT_NAME = "$(TARGET_NAME)";
				SWIFT_EMIT_LOC_STRINGS = YES;
				SWIFT_VERSION = 5.0;
				TARGETED_DEVICE_FAMILY = 1;
			};
			name = Debug;
		};
		8C7DE7A1284E0F35001F9D9B /* Release */ = {
			isa = XCBuildConfiguration;
			baseConfigurationReference = 04389DDD9DC4C51A7AC84D80 /* Pods-WebAntApp.release.xcconfig */;
			buildSettings = {
				ASSETCATALOG_COMPILER_APPICON_NAME = AppIcon;
				ASSETCATALOG_COMPILER_GLOBAL_ACCENT_COLOR_NAME = AccentColor;
				CODE_SIGN_STYLE = Automatic;
				CURRENT_PROJECT_VERSION = 1;
				DEVELOPMENT_TEAM = 6K8GT3Y82Q;
				GENERATE_INFOPLIST_FILE = YES;
				INFOPLIST_FILE = WebAntApp/Info.plist;
				INFOPLIST_KEY_UIApplicationSupportsIndirectInputEvents = YES;
				INFOPLIST_KEY_UILaunchStoryboardName = LaunchScreen;
				INFOPLIST_KEY_UISupportedInterfaceOrientations_iPad = "UIInterfaceOrientationPortrait UIInterfaceOrientationPortraitUpsideDown UIInterfaceOrientationLandscapeLeft UIInterfaceOrientationLandscapeRight";
				INFOPLIST_KEY_UISupportedInterfaceOrientations_iPhone = "UIInterfaceOrientationPortrait UIInterfaceOrientationLandscapeLeft UIInterfaceOrientationLandscapeRight";
				LD_RUNPATH_SEARCH_PATHS = (
					"$(inherited)",
					"@executable_path/Frameworks",
				);
				MARKETING_VERSION = 1.0;
				PRODUCT_BUNDLE_IDENTIFIER = com.yuliya.lesson22.WebAntApp;
				PRODUCT_NAME = "$(TARGET_NAME)";
				SWIFT_EMIT_LOC_STRINGS = YES;
				SWIFT_VERSION = 5.0;
				TARGETED_DEVICE_FAMILY = 1;
			};
			name = Release;
		};
/* End XCBuildConfiguration section */

/* Begin XCConfigurationList section */
		8C7DE786284E0F34001F9D9B /* Build configuration list for PBXProject "WebAntApp" */ = {
			isa = XCConfigurationList;
			buildConfigurations = (
				8C7DE79D284E0F35001F9D9B /* Debug */,
				8C7DE79E284E0F35001F9D9B /* Release */,
			);
			defaultConfigurationIsVisible = 0;
			defaultConfigurationName = Release;
		};
		8C7DE79F284E0F35001F9D9B /* Build configuration list for PBXNativeTarget "WebAntApp" */ = {
			isa = XCConfigurationList;
			buildConfigurations = (
				8C7DE7A0284E0F35001F9D9B /* Debug */,
				8C7DE7A1284E0F35001F9D9B /* Release */,
			);
			defaultConfigurationIsVisible = 0;
			defaultConfigurationName = Release;
		};
/* End XCConfigurationList section */
	};
	rootObject = 8C7DE783284E0F34001F9D9B /* Project object */;
}
