// !$*UTF8*$!
{
	archiveVersion = 1;
	classes = {
	};
	objectVersion = 55;
	objects = {

/* Begin PBXBuildFile section */
		5601135E95C46F80F2FA41E1 /* Pods_WebAntApp.framework in Frameworks */ = {isa = PBXBuildFile; fileRef = C0FF06869783F558A16850F5 /* Pods_WebAntApp.framework */; };
		8C030F5928605B700029BEAD /* LocalSettings.swift in Sources */ = {isa = PBXBuildFile; fileRef = 8C030F5828605B700029BEAD /* LocalSettings.swift */; };
		8C030F5C28605EEF0029BEAD /* AuthInterceptor.swift in Sources */ = {isa = PBXBuildFile; fileRef = 8C030F5B28605EEF0029BEAD /* AuthInterceptor.swift */; };
		8C030F61286061CE0029BEAD /* AuthResponseHandler.swift in Sources */ = {isa = PBXBuildFile; fileRef = 8C030F60286061CE0029BEAD /* AuthResponseHandler.swift */; };
		8C030F632860623B0029BEAD /* ExtendedJsonResponseHandler.swift in Sources */ = {isa = PBXBuildFile; fileRef = 8C030F622860623B0029BEAD /* ExtendedJsonResponseHandler.swift */; };
		8C030F8528609F0B0029BEAD /* UserDefaultsKeyType.swift in Sources */ = {isa = PBXBuildFile; fileRef = 8C030F8428609F0B0029BEAD /* UserDefaultsKeyType.swift */; };
		8C030F9128619F1B0029BEAD /* Token.swift in Sources */ = {isa = PBXBuildFile; fileRef = 8C030F9028619F1B0029BEAD /* Token.swift */; };
		8C030F9B2861C9B20029BEAD /* MainGalleryStoryboard.storyboard in Resources */ = {isa = PBXBuildFile; fileRef = 8C030F952861C9B20029BEAD /* MainGalleryStoryboard.storyboard */; };
		8C030F9C2861C9B20029BEAD /* MainGalleryRouter.swift in Sources */ = {isa = PBXBuildFile; fileRef = 8C030F962861C9B20029BEAD /* MainGalleryRouter.swift */; };
		8C030F9D2861C9B20029BEAD /* MainGalleryViewController.swift in Sources */ = {isa = PBXBuildFile; fileRef = 8C030F972861C9B20029BEAD /* MainGalleryViewController.swift */; };
		8C030F9E2861C9B20029BEAD /* MainGalleryPresenterImp.swift in Sources */ = {isa = PBXBuildFile; fileRef = 8C030F982861C9B20029BEAD /* MainGalleryPresenterImp.swift */; };
		8C030F9F2861C9B20029BEAD /* MainGalleryConfigurator.swift in Sources */ = {isa = PBXBuildFile; fileRef = 8C030F992861C9B20029BEAD /* MainGalleryConfigurator.swift */; };
		8C030FA22861C9BE0029BEAD /* MainGalleryPresenter.swift in Sources */ = {isa = PBXBuildFile; fileRef = 8C030FA12861C9BE0029BEAD /* MainGalleryPresenter.swift */; };
		8C030FA42861C9C00029BEAD /* MainGalleryView.swift in Sources */ = {isa = PBXBuildFile; fileRef = 8C030FA32861C9C00029BEAD /* MainGalleryView.swift */; };
		8C030FAA2861D5A10029BEAD /* PhotoCell.swift in Sources */ = {isa = PBXBuildFile; fileRef = 8C030FA92861D5A10029BEAD /* PhotoCell.swift */; };
		8C17AC06286AF688002CF17E /* AddDataStoryboard.storyboard in Resources */ = {isa = PBXBuildFile; fileRef = 8C17AC00286AF688002CF17E /* AddDataStoryboard.storyboard */; };
		8C17AC07286AF688002CF17E /* AddDataRouter.swift in Sources */ = {isa = PBXBuildFile; fileRef = 8C17AC01286AF688002CF17E /* AddDataRouter.swift */; };
		8C17AC08286AF688002CF17E /* AddDataViewController.swift in Sources */ = {isa = PBXBuildFile; fileRef = 8C17AC02286AF688002CF17E /* AddDataViewController.swift */; };
		8C17AC09286AF688002CF17E /* AddDataPresenterImp.swift in Sources */ = {isa = PBXBuildFile; fileRef = 8C17AC03286AF688002CF17E /* AddDataPresenterImp.swift */; };
		8C17AC0A286AF688002CF17E /* AddDataConfigurator.swift in Sources */ = {isa = PBXBuildFile; fileRef = 8C17AC04286AF688002CF17E /* AddDataConfigurator.swift */; };
		8C17AC0D286AF68D002CF17E /* AddDataPresenter.swift in Sources */ = {isa = PBXBuildFile; fileRef = 8C17AC0C286AF68D002CF17E /* AddDataPresenter.swift */; };
		8C17AC10286AF6D3002CF17E /* AddDataView.swift in Sources */ = {isa = PBXBuildFile; fileRef = 8C17AC0F286AF6D3002CF17E /* AddDataView.swift */; };
		8C17AC13286D9D5F002CF17E /* PaginationEntity.swift in Sources */ = {isa = PBXBuildFile; fileRef = 8C17AC12286D9D5F002CF17E /* PaginationEntity.swift */; };
		8C17AC15286D9E18002CF17E /* PaginationUseCase.swift in Sources */ = {isa = PBXBuildFile; fileRef = 8C17AC14286D9E18002CF17E /* PaginationUseCase.swift */; };
		8C17AC19286DAEF4002CF17E /* ApiPhotoPaginationGateway.swift in Sources */ = {isa = PBXBuildFile; fileRef = 8C17AC18286DAEF4002CF17E /* ApiPhotoPaginationGateway.swift */; };
		8C17AC31286EFDC9002CF17E /* DetailedPhotoStoryboard.storyboard in Resources */ = {isa = PBXBuildFile; fileRef = 8C17AC2B286EFDC9002CF17E /* DetailedPhotoStoryboard.storyboard */; };
		8C17AC32286EFDC9002CF17E /* DetailedPhotoRouter.swift in Sources */ = {isa = PBXBuildFile; fileRef = 8C17AC2C286EFDC9002CF17E /* DetailedPhotoRouter.swift */; };
		8C17AC33286EFDC9002CF17E /* DetailedPhotoViewController.swift in Sources */ = {isa = PBXBuildFile; fileRef = 8C17AC2D286EFDC9002CF17E /* DetailedPhotoViewController.swift */; };
		8C17AC34286EFDC9002CF17E /* DetailedPhotoPresenterImp.swift in Sources */ = {isa = PBXBuildFile; fileRef = 8C17AC2E286EFDC9002CF17E /* DetailedPhotoPresenterImp.swift */; };
		8C17AC35286EFDC9002CF17E /* DetailedPhotoConfigurator.swift in Sources */ = {isa = PBXBuildFile; fileRef = 8C17AC2F286EFDC9002CF17E /* DetailedPhotoConfigurator.swift */; };
		8C17AC38286EFDD7002CF17E /* DetailedPhotoPresenter.swift in Sources */ = {isa = PBXBuildFile; fileRef = 8C17AC37286EFDD7002CF17E /* DetailedPhotoPresenter.swift */; };
		8C17AC3A286EFDD8002CF17E /* DetailedPhotoView.swift in Sources */ = {isa = PBXBuildFile; fileRef = 8C17AC39286EFDD8002CF17E /* DetailedPhotoView.swift */; };
		8C23511628A65AB700E79FDC /* SettingsVC+UIImagePickerExt.swift in Sources */ = {isa = PBXBuildFile; fileRef = 8C23511528A65AB700E79FDC /* SettingsVC+UIImagePickerExt.swift */; };
		8C322A0128A386CE00770B67 /* AddPhotoVC+PickerController.swift in Sources */ = {isa = PBXBuildFile; fileRef = 8C322A0028A386CE00770B67 /* AddPhotoVC+PickerController.swift */; };
		8C322A0328A3872300770B67 /* AddPhotoVCExtentions.swift in Sources */ = {isa = PBXBuildFile; fileRef = 8C322A0228A3872300770B67 /* AddPhotoVCExtentions.swift */; };
		8C322A0528A389D500770B67 /* UserProfileVC+Extentions.swift in Sources */ = {isa = PBXBuildFile; fileRef = 8C322A0428A389D500770B67 /* UserProfileVC+Extentions.swift */; };
		8C322A0728A38DB100770B67 /* SettingsVC+Extentions.swift in Sources */ = {isa = PBXBuildFile; fileRef = 8C322A0628A38DB100770B67 /* SettingsVC+Extentions.swift */; };
		8C322A0A28A398D600770B67 /* SettingsVC+Validation.swift in Sources */ = {isa = PBXBuildFile; fileRef = 8C322A0928A398D600770B67 /* SettingsVC+Validation.swift */; };
		8C322A0C28A3AF8F00770B67 /* ErrorPesponseHandler.swift in Sources */ = {isa = PBXBuildFile; fileRef = 8C322A0B28A3AF8F00770B67 /* ErrorPesponseHandler.swift */; };
		8C322A0E28A3B05800770B67 /* ResponseHandlers.strings in Resources */ = {isa = PBXBuildFile; fileRef = 8C322A0D28A3B05800770B67 /* ResponseHandlers.strings */; };
		8C322A1028A3C0B800770B67 /* DeletionUserResponseHandler.swift in Sources */ = {isa = PBXBuildFile; fileRef = 8C322A0F28A3C0B800770B67 /* DeletionUserResponseHandler.swift */; };
		8C322A1228A3C25900770B67 /* NSErrorResponseHandler.swift in Sources */ = {isa = PBXBuildFile; fileRef = 8C322A1128A3C25900770B67 /* NSErrorResponseHandler.swift */; };
		8C3314972863310D003D6F99 /* CustomSegmentedControl.swift in Sources */ = {isa = PBXBuildFile; fileRef = 8C3314962863310D003D6F99 /* CustomSegmentedControl.swift */; };
		8C34419E28A4EA8400219644 /* UIViewControllerExtension.swift in Sources */ = {isa = PBXBuildFile; fileRef = 8C34419D28A4EA8400219644 /* UIViewControllerExtension.swift */; };
		8C3441A028A6316B00219644 /* WelcomeVCExtensions.swift in Sources */ = {isa = PBXBuildFile; fileRef = 8C34419F28A6316B00219644 /* WelcomeVCExtensions.swift */; };
		8C3441A328A6444F00219644 /* SignInVC+Validation.swift in Sources */ = {isa = PBXBuildFile; fileRef = 8C3441A228A6444F00219644 /* SignInVC+Validation.swift */; };
		8C3471AC289BC84600973558 /* SignUpVC+Validation.swift in Sources */ = {isa = PBXBuildFile; fileRef = 8C3471AB289BC84600973558 /* SignUpVC+Validation.swift */; };
		8C3471AE289BDBE300973558 /* CharacterSetExt.swift in Sources */ = {isa = PBXBuildFile; fileRef = 8C3471AD289BDBE300973558 /* CharacterSetExt.swift */; };
		8C36BDA3285B276E0089D180 /* UserEntity.swift in Sources */ = {isa = PBXBuildFile; fileRef = 8C36BDA2285B276E0089D180 /* UserEntity.swift */; };
		8C36BDA5285B41CE0089D180 /* DI.swift in Sources */ = {isa = PBXBuildFile; fileRef = 8C36BDA4285B41CE0089D180 /* DI.swift */; };
		8C36BDA7285B57A50089D180 /* SignUpUseCase.swift in Sources */ = {isa = PBXBuildFile; fileRef = 8C36BDA6285B57A50089D180 /* SignUpUseCase.swift */; };
		8C36BDA9285C580A0089D180 /* SignUpGateway.swift in Sources */ = {isa = PBXBuildFile; fileRef = 8C36BDA8285C580A0089D180 /* SignUpGateway.swift */; };
		8C3757122897F8A6007B5248 /* ChangePasswordGateway.swift in Sources */ = {isa = PBXBuildFile; fileRef = 8C3757112897F8A6007B5248 /* ChangePasswordGateway.swift */; };
		8C3757142897FBF9007B5248 /* ChangePasswordUseCase.swift in Sources */ = {isa = PBXBuildFile; fileRef = 8C3757132897FBF9007B5248 /* ChangePasswordUseCase.swift */; };
		8C37571628992729007B5248 /* ChangeUserInfoGateway.swift in Sources */ = {isa = PBXBuildFile; fileRef = 8C37571528992729007B5248 /* ChangeUserInfoGateway.swift */; };
		8C37571828992933007B5248 /* ChangeUserInfoUseCase.swift in Sources */ = {isa = PBXBuildFile; fileRef = 8C37571728992933007B5248 /* ChangeUserInfoUseCase.swift */; };
		8C37571A28993395007B5248 /* UserDefaultsSettings.swift in Sources */ = {isa = PBXBuildFile; fileRef = 8C37571928993395007B5248 /* UserDefaultsSettings.swift */; };
		8C3E217628926CD500D5976F /* SettingsStoryboard.storyboard in Resources */ = {isa = PBXBuildFile; fileRef = 8C3E217028926CD500D5976F /* SettingsStoryboard.storyboard */; };
		8C3E217728926CD500D5976F /* SettingsRouter.swift in Sources */ = {isa = PBXBuildFile; fileRef = 8C3E217128926CD500D5976F /* SettingsRouter.swift */; };
		8C3E217828926CD500D5976F /* SettingsViewController.swift in Sources */ = {isa = PBXBuildFile; fileRef = 8C3E217228926CD500D5976F /* SettingsViewController.swift */; };
		8C3E217928926CD500D5976F /* SettingsPresenterImp.swift in Sources */ = {isa = PBXBuildFile; fileRef = 8C3E217328926CD500D5976F /* SettingsPresenterImp.swift */; };
		8C3E217A28926CD500D5976F /* SettingsConfigurator.swift in Sources */ = {isa = PBXBuildFile; fileRef = 8C3E217428926CD500D5976F /* SettingsConfigurator.swift */; };
		8C3E217D28926CDD00D5976F /* SettingsPresenter.swift in Sources */ = {isa = PBXBuildFile; fileRef = 8C3E217C28926CDD00D5976F /* SettingsPresenter.swift */; };
		8C3E217F28926CDF00D5976F /* SettingsView.swift in Sources */ = {isa = PBXBuildFile; fileRef = 8C3E217E28926CDF00D5976F /* SettingsView.swift */; };
		8C3E218228926E8500D5976F /* BaseView.swift in Sources */ = {isa = PBXBuildFile; fileRef = 8C3E218128926E8500D5976F /* BaseView.swift */; };
		8C3E21842893F16D00D5976F /* ModelAlertViewController.swift in Sources */ = {isa = PBXBuildFile; fileRef = 8C3E21832893F16D00D5976F /* ModelAlertViewController.swift */; };
		8C4027DF28646CDE00CB9DE9 /* PhotoEntityForGet.swift in Sources */ = {isa = PBXBuildFile; fileRef = 8C4027DE28646CDE00CB9DE9 /* PhotoEntityForGet.swift */; };
		8C4027E92865B60D00CB9DE9 /* PhotoEntityForPost.swift in Sources */ = {isa = PBXBuildFile; fileRef = 8C4027E82865B60D00CB9DE9 /* PhotoEntityForPost.swift */; };
		8C4027EB2865B6FF00CB9DE9 /* PostPhotoGateway.swift in Sources */ = {isa = PBXBuildFile; fileRef = 8C4027EA2865B6FF00CB9DE9 /* PostPhotoGateway.swift */; };
		8C4027ED2865B7AB00CB9DE9 /* MediaObjectEntity.swift in Sources */ = {isa = PBXBuildFile; fileRef = 8C4027EC2865B7AB00CB9DE9 /* MediaObjectEntity.swift */; };
		8C4027EF2865BD7500CB9DE9 /* PostPhotoUseCase.swift in Sources */ = {isa = PBXBuildFile; fileRef = 8C4027EE2865BD7500CB9DE9 /* PostPhotoUseCase.swift */; };
		8C4028132869C18700CB9DE9 /* RootStoryboard.storyboard in Resources */ = {isa = PBXBuildFile; fileRef = 8C4028122869C18700CB9DE9 /* RootStoryboard.storyboard */; };
		8C458AAC2891536900709CC9 /* CustomActivityIndicatorView.swift in Sources */ = {isa = PBXBuildFile; fileRef = 8C458AAB2891536900709CC9 /* CustomActivityIndicatorView.swift */; };
		8C5496B328645077005674C1 /* AddPhotoStoryboard.storyboard in Resources */ = {isa = PBXBuildFile; fileRef = 8C5496AD28645077005674C1 /* AddPhotoStoryboard.storyboard */; };
		8C5496B428645077005674C1 /* AddPhotoRouter.swift in Sources */ = {isa = PBXBuildFile; fileRef = 8C5496AE28645077005674C1 /* AddPhotoRouter.swift */; };
		8C5496B528645077005674C1 /* AddPhotoViewController.swift in Sources */ = {isa = PBXBuildFile; fileRef = 8C5496AF28645077005674C1 /* AddPhotoViewController.swift */; };
		8C5496B628645077005674C1 /* AddPhotoPresenterImp.swift in Sources */ = {isa = PBXBuildFile; fileRef = 8C5496B028645077005674C1 /* AddPhotoPresenterImp.swift */; };
		8C5496B728645077005674C1 /* AddPhotoConfigurator.swift in Sources */ = {isa = PBXBuildFile; fileRef = 8C5496B128645077005674C1 /* AddPhotoConfigurator.swift */; };
		8C5496BA2864507E005674C1 /* AddPhotoPresenter.swift in Sources */ = {isa = PBXBuildFile; fileRef = 8C5496B92864507E005674C1 /* AddPhotoPresenter.swift */; };
		8C5496BC28645080005674C1 /* AddPhotoView.swift in Sources */ = {isa = PBXBuildFile; fileRef = 8C5496BB28645080005674C1 /* AddPhotoView.swift */; };
		8C5F11AE2878446800981819 /* GetCurrentUserGateway.swift in Sources */ = {isa = PBXBuildFile; fileRef = 8C5F11AD2878446800981819 /* GetCurrentUserGateway.swift */; };
		8C5F11B02878465100981819 /* GetCurrentUserUseCase.swift in Sources */ = {isa = PBXBuildFile; fileRef = 8C5F11AF2878465100981819 /* GetCurrentUserUseCase.swift */; };
		8C6B3F662853447300153686 /* SignInStoryboard.storyboard in Resources */ = {isa = PBXBuildFile; fileRef = 8C6B3F602853447300153686 /* SignInStoryboard.storyboard */; };
		8C6B3F672853447300153686 /* SignInRouter.swift in Sources */ = {isa = PBXBuildFile; fileRef = 8C6B3F612853447300153686 /* SignInRouter.swift */; };
		8C6B3F692853447300153686 /* SignInPresenterImp.swift in Sources */ = {isa = PBXBuildFile; fileRef = 8C6B3F632853447300153686 /* SignInPresenterImp.swift */; };
		8C6B3F6A2853447300153686 /* SignInConfigurator.swift in Sources */ = {isa = PBXBuildFile; fileRef = 8C6B3F642853447300153686 /* SignInConfigurator.swift */; };
		8C6B3F6E2853450700153686 /* SignInView.swift in Sources */ = {isa = PBXBuildFile; fileRef = 8C6B3F6D2853450700153686 /* SignInView.swift */; };
		8C6B3F6F2853450700153686 /* SignInPresenter.swift in Sources */ = {isa = PBXBuildFile; fileRef = 8C6B3F6C2853450700153686 /* SignInPresenter.swift */; };
		8C6B3F782853645C00153686 /* SignUpRouter.swift in Sources */ = {isa = PBXBuildFile; fileRef = 8C6B3F722853645B00153686 /* SignUpRouter.swift */; };
		8C6B3F7A2853645C00153686 /* SignUpPresenterImp.swift in Sources */ = {isa = PBXBuildFile; fileRef = 8C6B3F742853645B00153686 /* SignUpPresenterImp.swift */; };
		8C6B3F7B2853645C00153686 /* SignUpConfigurator.swift in Sources */ = {isa = PBXBuildFile; fileRef = 8C6B3F752853645B00153686 /* SignUpConfigurator.swift */; };
		8C6B3F7E285364A700153686 /* SignUpPresenter.swift in Sources */ = {isa = PBXBuildFile; fileRef = 8C6B3F7D285364A700153686 /* SignUpPresenter.swift */; };
		8C6B3F80285364AA00153686 /* SignUpView.swift in Sources */ = {isa = PBXBuildFile; fileRef = 8C6B3F7F285364AA00153686 /* SignUpView.swift */; };
		8C6B3F842858934800153686 /* ExtendedApiRequest.swift in Sources */ = {isa = PBXBuildFile; fileRef = 8C6B3F832858934800153686 /* ExtendedApiRequest.swift */; };
		8C6B3F88285893F900153686 /* ApiBaseGateway.swift in Sources */ = {isa = PBXBuildFile; fileRef = 8C6B3F87285893F900153686 /* ApiBaseGateway.swift */; };
		8C6B3F8A2858941900153686 /* RegistrationGateway.swift in Sources */ = {isa = PBXBuildFile; fileRef = 8C6B3F892858941900153686 /* RegistrationGateway.swift */; };
		8C6B3F8C2858957E00153686 /* Requests.swift in Sources */ = {isa = PBXBuildFile; fileRef = 8C6B3F8B2858957E00153686 /* Requests.swift */; };
		8C6B3F8E28589CF400153686 /* RegistrationUseCase.swift in Sources */ = {isa = PBXBuildFile; fileRef = 8C6B3F8D28589CF400153686 /* RegistrationUseCase.swift */; };
		8C6B3F902859D7F900153686 /* Validator.swift in Sources */ = {isa = PBXBuildFile; fileRef = 8C6B3F8F2859D7F900153686 /* Validator.swift */; };
		8C6B3F932859E94900153686 /* Config.swift in Sources */ = {isa = PBXBuildFile; fileRef = 8C6B3F922859E94900153686 /* Config.swift */; };
		8C6B3F962859EA6E00153686 /* SignInGateway.swift in Sources */ = {isa = PBXBuildFile; fileRef = 8C6B3F952859EA6E00153686 /* SignInGateway.swift */; };
		8C6B3F9A2859ED8800153686 /* SignInUseCase.swift in Sources */ = {isa = PBXBuildFile; fileRef = 8C6B3F992859ED8700153686 /* SignInUseCase.swift */; };
		8C6B3F9C2859F6F700153686 /* StringManager.swift in Sources */ = {isa = PBXBuildFile; fileRef = 8C6B3F9B2859F6F700153686 /* StringManager.swift */; };
		8C7DE78F284E0F34001F9D9B /* AppDelegate.swift in Sources */ = {isa = PBXBuildFile; fileRef = 8C7DE78E284E0F34001F9D9B /* AppDelegate.swift */; };
		8C7DE791284E0F34001F9D9B /* SceneDelegate.swift in Sources */ = {isa = PBXBuildFile; fileRef = 8C7DE790284E0F34001F9D9B /* SceneDelegate.swift */; };
		8C7DE793284E0F34001F9D9B /* WelcomeController.swift in Sources */ = {isa = PBXBuildFile; fileRef = 8C7DE792284E0F34001F9D9B /* WelcomeController.swift */; };
		8C7DE798284E0F35001F9D9B /* Assets.xcassets in Resources */ = {isa = PBXBuildFile; fileRef = 8C7DE797284E0F35001F9D9B /* Assets.xcassets */; };
		8C7DE79B284E0F35001F9D9B /* LaunchScreen.storyboard in Resources */ = {isa = PBXBuildFile; fileRef = 8C7DE799284E0F35001F9D9B /* LaunchScreen.storyboard */; };
		8C7DE7B028509949001F9D9B /* DesignableUITextField.swift in Sources */ = {isa = PBXBuildFile; fileRef = 8C7DE7AF28509949001F9D9B /* DesignableUITextField.swift */; };
		8C7DE7BB2850B32B001F9D9B /* SignUp.storyboard in Resources */ = {isa = PBXBuildFile; fileRef = 8C7DE7BA2850B32B001F9D9B /* SignUp.storyboard */; };
		8C7DE7BD2850B350001F9D9B /* SignInViewController.swift in Sources */ = {isa = PBXBuildFile; fileRef = 8C7DE7BC2850B350001F9D9B /* SignInViewController.swift */; };
		8C7DE7BF2850B363001F9D9B /* SignUpViewController.swift in Sources */ = {isa = PBXBuildFile; fileRef = 8C7DE7BE2850B363001F9D9B /* SignUpViewController.swift */; };
		8C7F2CAA287813E40073D6B9 /* UserProfileStoryboard.storyboard in Resources */ = {isa = PBXBuildFile; fileRef = 8C7F2CA4287813E40073D6B9 /* UserProfileStoryboard.storyboard */; };
		8C7F2CAB287813E40073D6B9 /* UserProfileRouter.swift in Sources */ = {isa = PBXBuildFile; fileRef = 8C7F2CA5287813E40073D6B9 /* UserProfileRouter.swift */; };
		8C7F2CAC287813E40073D6B9 /* UserProfileViewController.swift in Sources */ = {isa = PBXBuildFile; fileRef = 8C7F2CA6287813E40073D6B9 /* UserProfileViewController.swift */; };
		8C7F2CAD287813E40073D6B9 /* UserProfilePresenterImp.swift in Sources */ = {isa = PBXBuildFile; fileRef = 8C7F2CA7287813E40073D6B9 /* UserProfilePresenterImp.swift */; };
		8C7F2CAE287813E40073D6B9 /* UserProfileConfigurator.swift in Sources */ = {isa = PBXBuildFile; fileRef = 8C7F2CA8287813E40073D6B9 /* UserProfileConfigurator.swift */; };
		8C7F2CB1287813E90073D6B9 /* UserProfilePresenter.swift in Sources */ = {isa = PBXBuildFile; fileRef = 8C7F2CB0287813E90073D6B9 /* UserProfilePresenter.swift */; };
		8C7F2CB3287813EB0073D6B9 /* UserProfileView.swift in Sources */ = {isa = PBXBuildFile; fileRef = 8C7F2CB2287813EB0073D6B9 /* UserProfileView.swift */; };
		8C8E819828A64CF20037F031 /* DetailedPhotoVC+Scroll.swift in Sources */ = {isa = PBXBuildFile; fileRef = 8C8E819728A64CF20037F031 /* DetailedPhotoVC+Scroll.swift */; };
		8C8E819A28A651280037F031 /* AddDataExtensions.swift in Sources */ = {isa = PBXBuildFile; fileRef = 8C8E819928A651280037F031 /* AddDataExtensions.swift */; };
		8CA8A8D72853330E0037D6DE /* R.generated.swift in Sources */ = {isa = PBXBuildFile; fileRef = 8CA8A8D62853330E0037D6DE /* R.generated.swift */; };
		8CA8A8DF2853341B0037D6DE /* WelcomeStoryboard.storyboard in Resources */ = {isa = PBXBuildFile; fileRef = 8CA8A8D92853341B0037D6DE /* WelcomeStoryboard.storyboard */; };
		8CA8A8E02853341B0037D6DE /* WelcomeRouter.swift in Sources */ = {isa = PBXBuildFile; fileRef = 8CA8A8DA2853341B0037D6DE /* WelcomeRouter.swift */; };
		8CA8A8E22853341B0037D6DE /* WelcomePresenterImp.swift in Sources */ = {isa = PBXBuildFile; fileRef = 8CA8A8DC2853341B0037D6DE /* WelcomePresenterImp.swift */; };
		8CA8A8E32853341B0037D6DE /* WelcomeConfigurator.swift in Sources */ = {isa = PBXBuildFile; fileRef = 8CA8A8DD2853341B0037D6DE /* WelcomeConfigurator.swift */; };
		8CA8A8E62853346B0037D6DE /* WelcomePresenter.swift in Sources */ = {isa = PBXBuildFile; fileRef = 8CA8A8E52853346B0037D6DE /* WelcomePresenter.swift */; };
		8CA8A8E82853346D0037D6DE /* WelcomeView.swift in Sources */ = {isa = PBXBuildFile; fileRef = 8CA8A8E72853346D0037D6DE /* WelcomeView.swift */; };
		8CA8A8EA285336340037D6DE /* BaseRouter.swift in Sources */ = {isa = PBXBuildFile; fileRef = 8CA8A8E9285336340037D6DE /* BaseRouter.swift */; };
		8CABFF9028743B3200FF31B0 /* GetUserGateway.swift in Sources */ = {isa = PBXBuildFile; fileRef = 8CABFF8F28743B3200FF31B0 /* GetUserGateway.swift */; };
		8CABFF9228743C8E00FF31B0 /* UserEntityForGet.swift in Sources */ = {isa = PBXBuildFile; fileRef = 8CABFF9128743C8E00FF31B0 /* UserEntityForGet.swift */; };
		8CABFF9428743CC100FF31B0 /* GetUserUseCase.swift in Sources */ = {isa = PBXBuildFile; fileRef = 8CABFF9328743CC100FF31B0 /* GetUserUseCase.swift */; };
		8CABFF96287575FC00FF31B0 /* TextFieldandTextViewExtForKeyboard.swift in Sources */ = {isa = PBXBuildFile; fileRef = 8CABFF95287575FC00FF31B0 /* TextFieldandTextViewExtForKeyboard.swift */; };
		8CABFF9A2876E78000FF31B0 /* Scenes.strings in Resources */ = {isa = PBXBuildFile; fileRef = 8CABFF992876E78000FF31B0 /* Scenes.strings */; };
		8CABFF9C2876F73700FF31B0 /* DateFormatter + Ext.swift in Sources */ = {isa = PBXBuildFile; fileRef = 8CABFF9B2876F73600FF31B0 /* DateFormatter + Ext.swift */; };
		8CAFB81C28645FA900A430AB /* GalleryPhotoCell.swift in Sources */ = {isa = PBXBuildFile; fileRef = 8CAFB81B28645FA900A430AB /* GalleryPhotoCell.swift */; };
		8CB62F892897F396009ACD6E /* ChangePasswordEntity.swift in Sources */ = {isa = PBXBuildFile; fileRef = 8CB62F882897F396009ACD6E /* ChangePasswordEntity.swift */; };
		8CE74405289BB2EC00D92CAA /* TextFieldsError.swift in Sources */ = {isa = PBXBuildFile; fileRef = 8CE74404289BB2EB00D92CAA /* TextFieldsError.swift */; };
		8CEA0DA128A2514400804086 /* DeleteUserGateway.swift in Sources */ = {isa = PBXBuildFile; fileRef = 8CEA0DA028A2514400804086 /* DeleteUserGateway.swift */; };
		8CEA0DA328A253CF00804086 /* DeleteUserUseCase.swift in Sources */ = {isa = PBXBuildFile; fileRef = 8CEA0DA228A253CF00804086 /* DeleteUserUseCase.swift */; };
		8CEA0DA628A27E6300804086 /* SignInViewControllerExtension.swift in Sources */ = {isa = PBXBuildFile; fileRef = 8CEA0DA528A27E6300804086 /* SignInViewControllerExtension.swift */; };
		8CEA0DA828A27F7900804086 /* SignUpExtensions.swift in Sources */ = {isa = PBXBuildFile; fileRef = 8CEA0DA728A27F7900804086 /* SignUpExtensions.swift */; };
		8CEA0DAB28A2825400804086 /* MainGalleryVC+CollectionView.swift in Sources */ = {isa = PBXBuildFile; fileRef = 8CEA0DAA28A2825400804086 /* MainGalleryVC+CollectionView.swift */; };
		8CEA0DAE28A282D700804086 /* MainGalleryVC+SearchBar.swift in Sources */ = {isa = PBXBuildFile; fileRef = 8CEA0DAD28A282D700804086 /* MainGalleryVC+SearchBar.swift */; };
		8CEA0DB028A283D200804086 /* MainGalleryExtentions.swift in Sources */ = {isa = PBXBuildFile; fileRef = 8CEA0DAF28A283D200804086 /* MainGalleryExtentions.swift */; };
		8CEA0DB328A2854500804086 /* DetailedPhotoExtentions.swift in Sources */ = {isa = PBXBuildFile; fileRef = 8CEA0DB228A2854500804086 /* DetailedPhotoExtentions.swift */; };
/* End PBXBuildFile section */

/* Begin PBXFileReference section */
		04389DDD9DC4C51A7AC84D80 /* Pods-WebAntApp.release.xcconfig */ = {isa = PBXFileReference; includeInIndex = 1; lastKnownFileType = text.xcconfig; name = "Pods-WebAntApp.release.xcconfig"; path = "Target Support Files/Pods-WebAntApp/Pods-WebAntApp.release.xcconfig"; sourceTree = "<group>"; };
		3E91C675A7E4D9ECF649FA35 /* Pods-WebAntApp.debug.xcconfig */ = {isa = PBXFileReference; includeInIndex = 1; lastKnownFileType = text.xcconfig; name = "Pods-WebAntApp.debug.xcconfig"; path = "Target Support Files/Pods-WebAntApp/Pods-WebAntApp.debug.xcconfig"; sourceTree = "<group>"; };
		8C030F5828605B700029BEAD /* LocalSettings.swift */ = {isa = PBXFileReference; lastKnownFileType = sourcecode.swift; path = LocalSettings.swift; sourceTree = "<group>"; };
		8C030F5B28605EEF0029BEAD /* AuthInterceptor.swift */ = {isa = PBXFileReference; lastKnownFileType = sourcecode.swift; path = AuthInterceptor.swift; sourceTree = "<group>"; };
		8C030F60286061CE0029BEAD /* AuthResponseHandler.swift */ = {isa = PBXFileReference; lastKnownFileType = sourcecode.swift; path = AuthResponseHandler.swift; sourceTree = "<group>"; };
		8C030F622860623B0029BEAD /* ExtendedJsonResponseHandler.swift */ = {isa = PBXFileReference; lastKnownFileType = sourcecode.swift; path = ExtendedJsonResponseHandler.swift; sourceTree = "<group>"; };
		8C030F8428609F0B0029BEAD /* UserDefaultsKeyType.swift */ = {isa = PBXFileReference; lastKnownFileType = sourcecode.swift; path = UserDefaultsKeyType.swift; sourceTree = "<group>"; };
		8C030F9028619F1B0029BEAD /* Token.swift */ = {isa = PBXFileReference; fileEncoding = 4; lastKnownFileType = sourcecode.swift; path = Token.swift; sourceTree = "<group>"; };
		8C030F952861C9B20029BEAD /* MainGalleryStoryboard.storyboard */ = {isa = PBXFileReference; lastKnownFileType = file.storyboard; path = MainGalleryStoryboard.storyboard; sourceTree = "<group>"; };
		8C030F962861C9B20029BEAD /* MainGalleryRouter.swift */ = {isa = PBXFileReference; lastKnownFileType = sourcecode.swift; path = MainGalleryRouter.swift; sourceTree = "<group>"; };
		8C030F972861C9B20029BEAD /* MainGalleryViewController.swift */ = {isa = PBXFileReference; lastKnownFileType = sourcecode.swift; path = MainGalleryViewController.swift; sourceTree = "<group>"; };
		8C030F982861C9B20029BEAD /* MainGalleryPresenterImp.swift */ = {isa = PBXFileReference; lastKnownFileType = sourcecode.swift; path = MainGalleryPresenterImp.swift; sourceTree = "<group>"; };
		8C030F992861C9B20029BEAD /* MainGalleryConfigurator.swift */ = {isa = PBXFileReference; lastKnownFileType = sourcecode.swift; path = MainGalleryConfigurator.swift; sourceTree = "<group>"; };
		8C030FA12861C9BE0029BEAD /* MainGalleryPresenter.swift */ = {isa = PBXFileReference; lastKnownFileType = sourcecode.swift; path = MainGalleryPresenter.swift; sourceTree = "<group>"; };
		8C030FA32861C9C00029BEAD /* MainGalleryView.swift */ = {isa = PBXFileReference; lastKnownFileType = sourcecode.swift; path = MainGalleryView.swift; sourceTree = "<group>"; };
		8C030FA92861D5A10029BEAD /* PhotoCell.swift */ = {isa = PBXFileReference; lastKnownFileType = sourcecode.swift; path = PhotoCell.swift; sourceTree = "<group>"; };
		8C17AC00286AF688002CF17E /* AddDataStoryboard.storyboard */ = {isa = PBXFileReference; lastKnownFileType = file.storyboard; path = AddDataStoryboard.storyboard; sourceTree = "<group>"; };
		8C17AC01286AF688002CF17E /* AddDataRouter.swift */ = {isa = PBXFileReference; lastKnownFileType = sourcecode.swift; path = AddDataRouter.swift; sourceTree = "<group>"; };
		8C17AC02286AF688002CF17E /* AddDataViewController.swift */ = {isa = PBXFileReference; lastKnownFileType = sourcecode.swift; path = AddDataViewController.swift; sourceTree = "<group>"; };
		8C17AC03286AF688002CF17E /* AddDataPresenterImp.swift */ = {isa = PBXFileReference; lastKnownFileType = sourcecode.swift; path = AddDataPresenterImp.swift; sourceTree = "<group>"; };
		8C17AC04286AF688002CF17E /* AddDataConfigurator.swift */ = {isa = PBXFileReference; lastKnownFileType = sourcecode.swift; path = AddDataConfigurator.swift; sourceTree = "<group>"; };
		8C17AC0C286AF68D002CF17E /* AddDataPresenter.swift */ = {isa = PBXFileReference; lastKnownFileType = sourcecode.swift; path = AddDataPresenter.swift; sourceTree = "<group>"; };
		8C17AC0F286AF6D3002CF17E /* AddDataView.swift */ = {isa = PBXFileReference; lastKnownFileType = sourcecode.swift; path = AddDataView.swift; sourceTree = "<group>"; };
		8C17AC12286D9D5F002CF17E /* PaginationEntity.swift */ = {isa = PBXFileReference; lastKnownFileType = sourcecode.swift; path = PaginationEntity.swift; sourceTree = "<group>"; };
		8C17AC14286D9E18002CF17E /* PaginationUseCase.swift */ = {isa = PBXFileReference; lastKnownFileType = sourcecode.swift; path = PaginationUseCase.swift; sourceTree = "<group>"; };
		8C17AC18286DAEF4002CF17E /* ApiPhotoPaginationGateway.swift */ = {isa = PBXFileReference; lastKnownFileType = sourcecode.swift; path = ApiPhotoPaginationGateway.swift; sourceTree = "<group>"; };
		8C17AC2B286EFDC9002CF17E /* DetailedPhotoStoryboard.storyboard */ = {isa = PBXFileReference; lastKnownFileType = file.storyboard; path = DetailedPhotoStoryboard.storyboard; sourceTree = "<group>"; };
		8C17AC2C286EFDC9002CF17E /* DetailedPhotoRouter.swift */ = {isa = PBXFileReference; lastKnownFileType = sourcecode.swift; path = DetailedPhotoRouter.swift; sourceTree = "<group>"; };
		8C17AC2D286EFDC9002CF17E /* DetailedPhotoViewController.swift */ = {isa = PBXFileReference; lastKnownFileType = sourcecode.swift; path = DetailedPhotoViewController.swift; sourceTree = "<group>"; };
		8C17AC2E286EFDC9002CF17E /* DetailedPhotoPresenterImp.swift */ = {isa = PBXFileReference; lastKnownFileType = sourcecode.swift; path = DetailedPhotoPresenterImp.swift; sourceTree = "<group>"; };
		8C17AC2F286EFDC9002CF17E /* DetailedPhotoConfigurator.swift */ = {isa = PBXFileReference; lastKnownFileType = sourcecode.swift; path = DetailedPhotoConfigurator.swift; sourceTree = "<group>"; };
		8C17AC37286EFDD7002CF17E /* DetailedPhotoPresenter.swift */ = {isa = PBXFileReference; lastKnownFileType = sourcecode.swift; path = DetailedPhotoPresenter.swift; sourceTree = "<group>"; };
		8C17AC39286EFDD8002CF17E /* DetailedPhotoView.swift */ = {isa = PBXFileReference; lastKnownFileType = sourcecode.swift; path = DetailedPhotoView.swift; sourceTree = "<group>"; };
		8C23511528A65AB700E79FDC /* SettingsVC+UIImagePickerExt.swift */ = {isa = PBXFileReference; lastKnownFileType = sourcecode.swift; path = "SettingsVC+UIImagePickerExt.swift"; sourceTree = "<group>"; };
		8C322A0028A386CE00770B67 /* AddPhotoVC+PickerController.swift */ = {isa = PBXFileReference; lastKnownFileType = sourcecode.swift; path = "AddPhotoVC+PickerController.swift"; sourceTree = "<group>"; };
		8C322A0228A3872300770B67 /* AddPhotoVCExtentions.swift */ = {isa = PBXFileReference; lastKnownFileType = sourcecode.swift; path = AddPhotoVCExtentions.swift; sourceTree = "<group>"; };
		8C322A0428A389D500770B67 /* UserProfileVC+Extentions.swift */ = {isa = PBXFileReference; lastKnownFileType = sourcecode.swift; path = "UserProfileVC+Extentions.swift"; sourceTree = "<group>"; };
		8C322A0628A38DB100770B67 /* SettingsVC+Extentions.swift */ = {isa = PBXFileReference; lastKnownFileType = sourcecode.swift; path = "SettingsVC+Extentions.swift"; sourceTree = "<group>"; };
		8C322A0928A398D600770B67 /* SettingsVC+Validation.swift */ = {isa = PBXFileReference; lastKnownFileType = sourcecode.swift; path = "SettingsVC+Validation.swift"; sourceTree = "<group>"; };
		8C322A0B28A3AF8F00770B67 /* ErrorPesponseHandler.swift */ = {isa = PBXFileReference; lastKnownFileType = sourcecode.swift; path = ErrorPesponseHandler.swift; sourceTree = "<group>"; };
		8C322A0D28A3B05800770B67 /* ResponseHandlers.strings */ = {isa = PBXFileReference; lastKnownFileType = text.plist.strings; path = ResponseHandlers.strings; sourceTree = "<group>"; };
		8C322A0F28A3C0B800770B67 /* DeletionUserResponseHandler.swift */ = {isa = PBXFileReference; lastKnownFileType = sourcecode.swift; path = DeletionUserResponseHandler.swift; sourceTree = "<group>"; };
		8C322A1128A3C25900770B67 /* NSErrorResponseHandler.swift */ = {isa = PBXFileReference; lastKnownFileType = sourcecode.swift; path = NSErrorResponseHandler.swift; sourceTree = "<group>"; };
		8C3314962863310D003D6F99 /* CustomSegmentedControl.swift */ = {isa = PBXFileReference; fileEncoding = 4; lastKnownFileType = sourcecode.swift; path = CustomSegmentedControl.swift; sourceTree = "<group>"; };
		8C34419D28A4EA8400219644 /* UIViewControllerExtension.swift */ = {isa = PBXFileReference; lastKnownFileType = sourcecode.swift; path = UIViewControllerExtension.swift; sourceTree = "<group>"; };
		8C34419F28A6316B00219644 /* WelcomeVCExtensions.swift */ = {isa = PBXFileReference; lastKnownFileType = sourcecode.swift; path = WelcomeVCExtensions.swift; sourceTree = "<group>"; };
		8C3441A228A6444F00219644 /* SignInVC+Validation.swift */ = {isa = PBXFileReference; lastKnownFileType = sourcecode.swift; path = "SignInVC+Validation.swift"; sourceTree = "<group>"; };
		8C3471AB289BC84600973558 /* SignUpVC+Validation.swift */ = {isa = PBXFileReference; lastKnownFileType = sourcecode.swift; path = "SignUpVC+Validation.swift"; sourceTree = "<group>"; };
		8C3471AD289BDBE300973558 /* CharacterSetExt.swift */ = {isa = PBXFileReference; lastKnownFileType = sourcecode.swift; path = CharacterSetExt.swift; sourceTree = "<group>"; };
		8C36BDA2285B276E0089D180 /* UserEntity.swift */ = {isa = PBXFileReference; lastKnownFileType = sourcecode.swift; path = UserEntity.swift; sourceTree = "<group>"; };
		8C36BDA4285B41CE0089D180 /* DI.swift */ = {isa = PBXFileReference; lastKnownFileType = sourcecode.swift; path = DI.swift; sourceTree = "<group>"; };
		8C36BDA6285B57A50089D180 /* SignUpUseCase.swift */ = {isa = PBXFileReference; lastKnownFileType = sourcecode.swift; path = SignUpUseCase.swift; sourceTree = "<group>"; };
		8C36BDA8285C580A0089D180 /* SignUpGateway.swift */ = {isa = PBXFileReference; lastKnownFileType = sourcecode.swift; path = SignUpGateway.swift; sourceTree = "<group>"; };
		8C3757112897F8A6007B5248 /* ChangePasswordGateway.swift */ = {isa = PBXFileReference; lastKnownFileType = sourcecode.swift; path = ChangePasswordGateway.swift; sourceTree = "<group>"; };
		8C3757132897FBF9007B5248 /* ChangePasswordUseCase.swift */ = {isa = PBXFileReference; lastKnownFileType = sourcecode.swift; path = ChangePasswordUseCase.swift; sourceTree = "<group>"; };
		8C37571528992729007B5248 /* ChangeUserInfoGateway.swift */ = {isa = PBXFileReference; lastKnownFileType = sourcecode.swift; path = ChangeUserInfoGateway.swift; sourceTree = "<group>"; };
		8C37571728992933007B5248 /* ChangeUserInfoUseCase.swift */ = {isa = PBXFileReference; lastKnownFileType = sourcecode.swift; path = ChangeUserInfoUseCase.swift; sourceTree = "<group>"; };
		8C37571928993395007B5248 /* UserDefaultsSettings.swift */ = {isa = PBXFileReference; lastKnownFileType = sourcecode.swift; path = UserDefaultsSettings.swift; sourceTree = "<group>"; };
		8C3E217028926CD500D5976F /* SettingsStoryboard.storyboard */ = {isa = PBXFileReference; lastKnownFileType = file.storyboard; path = SettingsStoryboard.storyboard; sourceTree = "<group>"; };
		8C3E217128926CD500D5976F /* SettingsRouter.swift */ = {isa = PBXFileReference; lastKnownFileType = sourcecode.swift; path = SettingsRouter.swift; sourceTree = "<group>"; };
		8C3E217228926CD500D5976F /* SettingsViewController.swift */ = {isa = PBXFileReference; lastKnownFileType = sourcecode.swift; path = SettingsViewController.swift; sourceTree = "<group>"; };
		8C3E217328926CD500D5976F /* SettingsPresenterImp.swift */ = {isa = PBXFileReference; lastKnownFileType = sourcecode.swift; path = SettingsPresenterImp.swift; sourceTree = "<group>"; };
		8C3E217428926CD500D5976F /* SettingsConfigurator.swift */ = {isa = PBXFileReference; lastKnownFileType = sourcecode.swift; path = SettingsConfigurator.swift; sourceTree = "<group>"; };
		8C3E217C28926CDD00D5976F /* SettingsPresenter.swift */ = {isa = PBXFileReference; lastKnownFileType = sourcecode.swift; path = SettingsPresenter.swift; sourceTree = "<group>"; };
		8C3E217E28926CDF00D5976F /* SettingsView.swift */ = {isa = PBXFileReference; lastKnownFileType = sourcecode.swift; path = SettingsView.swift; sourceTree = "<group>"; };
		8C3E218128926E8500D5976F /* BaseView.swift */ = {isa = PBXFileReference; lastKnownFileType = sourcecode.swift; path = BaseView.swift; sourceTree = "<group>"; };
		8C3E21832893F16D00D5976F /* ModelAlertViewController.swift */ = {isa = PBXFileReference; lastKnownFileType = sourcecode.swift; path = ModelAlertViewController.swift; sourceTree = "<group>"; };
		8C4027DE28646CDE00CB9DE9 /* PhotoEntityForGet.swift */ = {isa = PBXFileReference; lastKnownFileType = sourcecode.swift; path = PhotoEntityForGet.swift; sourceTree = "<group>"; };
		8C4027E82865B60D00CB9DE9 /* PhotoEntityForPost.swift */ = {isa = PBXFileReference; lastKnownFileType = sourcecode.swift; path = PhotoEntityForPost.swift; sourceTree = "<group>"; };
		8C4027EA2865B6FF00CB9DE9 /* PostPhotoGateway.swift */ = {isa = PBXFileReference; lastKnownFileType = sourcecode.swift; path = PostPhotoGateway.swift; sourceTree = "<group>"; };
		8C4027EC2865B7AB00CB9DE9 /* MediaObjectEntity.swift */ = {isa = PBXFileReference; lastKnownFileType = sourcecode.swift; path = MediaObjectEntity.swift; sourceTree = "<group>"; };
		8C4027EE2865BD7500CB9DE9 /* PostPhotoUseCase.swift */ = {isa = PBXFileReference; lastKnownFileType = sourcecode.swift; path = PostPhotoUseCase.swift; sourceTree = "<group>"; };
		8C4028122869C18700CB9DE9 /* RootStoryboard.storyboard */ = {isa = PBXFileReference; lastKnownFileType = file.storyboard; path = RootStoryboard.storyboard; sourceTree = "<group>"; };
		8C458AAB2891536900709CC9 /* CustomActivityIndicatorView.swift */ = {isa = PBXFileReference; lastKnownFileType = sourcecode.swift; path = CustomActivityIndicatorView.swift; sourceTree = "<group>"; };
		8C5496AD28645077005674C1 /* AddPhotoStoryboard.storyboard */ = {isa = PBXFileReference; lastKnownFileType = file.storyboard; path = AddPhotoStoryboard.storyboard; sourceTree = "<group>"; };
		8C5496AE28645077005674C1 /* AddPhotoRouter.swift */ = {isa = PBXFileReference; lastKnownFileType = sourcecode.swift; path = AddPhotoRouter.swift; sourceTree = "<group>"; };
		8C5496AF28645077005674C1 /* AddPhotoViewController.swift */ = {isa = PBXFileReference; lastKnownFileType = sourcecode.swift; path = AddPhotoViewController.swift; sourceTree = "<group>"; };
		8C5496B028645077005674C1 /* AddPhotoPresenterImp.swift */ = {isa = PBXFileReference; lastKnownFileType = sourcecode.swift; path = AddPhotoPresenterImp.swift; sourceTree = "<group>"; };
		8C5496B128645077005674C1 /* AddPhotoConfigurator.swift */ = {isa = PBXFileReference; lastKnownFileType = sourcecode.swift; path = AddPhotoConfigurator.swift; sourceTree = "<group>"; };
		8C5496B92864507E005674C1 /* AddPhotoPresenter.swift */ = {isa = PBXFileReference; lastKnownFileType = sourcecode.swift; path = AddPhotoPresenter.swift; sourceTree = "<group>"; };
		8C5496BB28645080005674C1 /* AddPhotoView.swift */ = {isa = PBXFileReference; lastKnownFileType = sourcecode.swift; path = AddPhotoView.swift; sourceTree = "<group>"; };
		8C5F11AD2878446800981819 /* GetCurrentUserGateway.swift */ = {isa = PBXFileReference; lastKnownFileType = sourcecode.swift; path = GetCurrentUserGateway.swift; sourceTree = "<group>"; };
		8C5F11AF2878465100981819 /* GetCurrentUserUseCase.swift */ = {isa = PBXFileReference; lastKnownFileType = sourcecode.swift; path = GetCurrentUserUseCase.swift; sourceTree = "<group>"; };
		8C6B3F602853447300153686 /* SignInStoryboard.storyboard */ = {isa = PBXFileReference; lastKnownFileType = file.storyboard; path = SignInStoryboard.storyboard; sourceTree = "<group>"; };
		8C6B3F612853447300153686 /* SignInRouter.swift */ = {isa = PBXFileReference; lastKnownFileType = sourcecode.swift; path = SignInRouter.swift; sourceTree = "<group>"; };
		8C6B3F632853447300153686 /* SignInPresenterImp.swift */ = {isa = PBXFileReference; lastKnownFileType = sourcecode.swift; path = SignInPresenterImp.swift; sourceTree = "<group>"; };
		8C6B3F642853447300153686 /* SignInConfigurator.swift */ = {isa = PBXFileReference; lastKnownFileType = sourcecode.swift; path = SignInConfigurator.swift; sourceTree = "<group>"; };
		8C6B3F6C2853450700153686 /* SignInPresenter.swift */ = {isa = PBXFileReference; lastKnownFileType = sourcecode.swift; path = SignInPresenter.swift; sourceTree = "<group>"; };
		8C6B3F6D2853450700153686 /* SignInView.swift */ = {isa = PBXFileReference; lastKnownFileType = sourcecode.swift; path = SignInView.swift; sourceTree = "<group>"; };
		8C6B3F722853645B00153686 /* SignUpRouter.swift */ = {isa = PBXFileReference; lastKnownFileType = sourcecode.swift; path = SignUpRouter.swift; sourceTree = "<group>"; };
		8C6B3F742853645B00153686 /* SignUpPresenterImp.swift */ = {isa = PBXFileReference; lastKnownFileType = sourcecode.swift; path = SignUpPresenterImp.swift; sourceTree = "<group>"; };
		8C6B3F752853645B00153686 /* SignUpConfigurator.swift */ = {isa = PBXFileReference; lastKnownFileType = sourcecode.swift; path = SignUpConfigurator.swift; sourceTree = "<group>"; };
		8C6B3F7D285364A700153686 /* SignUpPresenter.swift */ = {isa = PBXFileReference; lastKnownFileType = sourcecode.swift; path = SignUpPresenter.swift; sourceTree = "<group>"; };
		8C6B3F7F285364AA00153686 /* SignUpView.swift */ = {isa = PBXFileReference; lastKnownFileType = sourcecode.swift; path = SignUpView.swift; sourceTree = "<group>"; };
		8C6B3F832858934800153686 /* ExtendedApiRequest.swift */ = {isa = PBXFileReference; lastKnownFileType = sourcecode.swift; path = ExtendedApiRequest.swift; sourceTree = "<group>"; };
		8C6B3F87285893F900153686 /* ApiBaseGateway.swift */ = {isa = PBXFileReference; lastKnownFileType = sourcecode.swift; path = ApiBaseGateway.swift; sourceTree = "<group>"; };
		8C6B3F892858941900153686 /* RegistrationGateway.swift */ = {isa = PBXFileReference; lastKnownFileType = sourcecode.swift; path = RegistrationGateway.swift; sourceTree = "<group>"; };
		8C6B3F8B2858957E00153686 /* Requests.swift */ = {isa = PBXFileReference; lastKnownFileType = sourcecode.swift; path = Requests.swift; sourceTree = "<group>"; };
		8C6B3F8D28589CF400153686 /* RegistrationUseCase.swift */ = {isa = PBXFileReference; lastKnownFileType = sourcecode.swift; path = RegistrationUseCase.swift; sourceTree = "<group>"; };
		8C6B3F8F2859D7F900153686 /* Validator.swift */ = {isa = PBXFileReference; lastKnownFileType = sourcecode.swift; path = Validator.swift; sourceTree = "<group>"; };
		8C6B3F922859E94900153686 /* Config.swift */ = {isa = PBXFileReference; lastKnownFileType = sourcecode.swift; path = Config.swift; sourceTree = "<group>"; };
		8C6B3F952859EA6E00153686 /* SignInGateway.swift */ = {isa = PBXFileReference; lastKnownFileType = sourcecode.swift; path = SignInGateway.swift; sourceTree = "<group>"; };
		8C6B3F992859ED8700153686 /* SignInUseCase.swift */ = {isa = PBXFileReference; lastKnownFileType = sourcecode.swift; path = SignInUseCase.swift; sourceTree = "<group>"; };
		8C6B3F9B2859F6F700153686 /* StringManager.swift */ = {isa = PBXFileReference; lastKnownFileType = sourcecode.swift; path = StringManager.swift; sourceTree = "<group>"; };
		8C7DE78B284E0F34001F9D9B /* WebAntApp.app */ = {isa = PBXFileReference; explicitFileType = wrapper.application; includeInIndex = 0; path = WebAntApp.app; sourceTree = BUILT_PRODUCTS_DIR; };
		8C7DE78E284E0F34001F9D9B /* AppDelegate.swift */ = {isa = PBXFileReference; lastKnownFileType = sourcecode.swift; path = AppDelegate.swift; sourceTree = "<group>"; };
		8C7DE790284E0F34001F9D9B /* SceneDelegate.swift */ = {isa = PBXFileReference; lastKnownFileType = sourcecode.swift; path = SceneDelegate.swift; sourceTree = "<group>"; };
		8C7DE792284E0F34001F9D9B /* WelcomeController.swift */ = {isa = PBXFileReference; lastKnownFileType = sourcecode.swift; path = WelcomeController.swift; sourceTree = "<group>"; };
		8C7DE797284E0F35001F9D9B /* Assets.xcassets */ = {isa = PBXFileReference; lastKnownFileType = folder.assetcatalog; path = Assets.xcassets; sourceTree = "<group>"; };
		8C7DE79A284E0F35001F9D9B /* Base */ = {isa = PBXFileReference; lastKnownFileType = file.storyboard; name = Base; path = Base.lproj/LaunchScreen.storyboard; sourceTree = "<group>"; };
		8C7DE79C284E0F35001F9D9B /* Info.plist */ = {isa = PBXFileReference; lastKnownFileType = text.plist.xml; path = Info.plist; sourceTree = "<group>"; };
		8C7DE7AF28509949001F9D9B /* DesignableUITextField.swift */ = {isa = PBXFileReference; lastKnownFileType = sourcecode.swift; path = DesignableUITextField.swift; sourceTree = "<group>"; };
		8C7DE7BA2850B32B001F9D9B /* SignUp.storyboard */ = {isa = PBXFileReference; lastKnownFileType = file.storyboard; path = SignUp.storyboard; sourceTree = "<group>"; };
		8C7DE7BC2850B350001F9D9B /* SignInViewController.swift */ = {isa = PBXFileReference; lastKnownFileType = sourcecode.swift; path = SignInViewController.swift; sourceTree = "<group>"; };
		8C7DE7BE2850B363001F9D9B /* SignUpViewController.swift */ = {isa = PBXFileReference; lastKnownFileType = sourcecode.swift; path = SignUpViewController.swift; sourceTree = "<group>"; };
		8C7F2CA4287813E40073D6B9 /* UserProfileStoryboard.storyboard */ = {isa = PBXFileReference; lastKnownFileType = file.storyboard; path = UserProfileStoryboard.storyboard; sourceTree = "<group>"; };
		8C7F2CA5287813E40073D6B9 /* UserProfileRouter.swift */ = {isa = PBXFileReference; lastKnownFileType = sourcecode.swift; path = UserProfileRouter.swift; sourceTree = "<group>"; };
		8C7F2CA6287813E40073D6B9 /* UserProfileViewController.swift */ = {isa = PBXFileReference; lastKnownFileType = sourcecode.swift; path = UserProfileViewController.swift; sourceTree = "<group>"; };
		8C7F2CA7287813E40073D6B9 /* UserProfilePresenterImp.swift */ = {isa = PBXFileReference; lastKnownFileType = sourcecode.swift; path = UserProfilePresenterImp.swift; sourceTree = "<group>"; };
		8C7F2CA8287813E40073D6B9 /* UserProfileConfigurator.swift */ = {isa = PBXFileReference; lastKnownFileType = sourcecode.swift; path = UserProfileConfigurator.swift; sourceTree = "<group>"; };
		8C7F2CB0287813E90073D6B9 /* UserProfilePresenter.swift */ = {isa = PBXFileReference; lastKnownFileType = sourcecode.swift; path = UserProfilePresenter.swift; sourceTree = "<group>"; };
		8C7F2CB2287813EB0073D6B9 /* UserProfileView.swift */ = {isa = PBXFileReference; lastKnownFileType = sourcecode.swift; path = UserProfileView.swift; sourceTree = "<group>"; };
		8C8E819728A64CF20037F031 /* DetailedPhotoVC+Scroll.swift */ = {isa = PBXFileReference; lastKnownFileType = sourcecode.swift; path = "DetailedPhotoVC+Scroll.swift"; sourceTree = "<group>"; };
		8C8E819928A651280037F031 /* AddDataExtensions.swift */ = {isa = PBXFileReference; lastKnownFileType = sourcecode.swift; path = AddDataExtensions.swift; sourceTree = "<group>"; };
		8CA8A8D62853330E0037D6DE /* R.generated.swift */ = {isa = PBXFileReference; fileEncoding = 4; lastKnownFileType = sourcecode.swift; path = R.generated.swift; sourceTree = SOURCE_ROOT; };
		8CA8A8D92853341B0037D6DE /* WelcomeStoryboard.storyboard */ = {isa = PBXFileReference; lastKnownFileType = file.storyboard; path = WelcomeStoryboard.storyboard; sourceTree = "<group>"; };
		8CA8A8DA2853341B0037D6DE /* WelcomeRouter.swift */ = {isa = PBXFileReference; lastKnownFileType = sourcecode.swift; path = WelcomeRouter.swift; sourceTree = "<group>"; };
		8CA8A8DC2853341B0037D6DE /* WelcomePresenterImp.swift */ = {isa = PBXFileReference; lastKnownFileType = sourcecode.swift; path = WelcomePresenterImp.swift; sourceTree = "<group>"; };
		8CA8A8DD2853341B0037D6DE /* WelcomeConfigurator.swift */ = {isa = PBXFileReference; lastKnownFileType = sourcecode.swift; path = WelcomeConfigurator.swift; sourceTree = "<group>"; };
		8CA8A8E52853346B0037D6DE /* WelcomePresenter.swift */ = {isa = PBXFileReference; lastKnownFileType = sourcecode.swift; path = WelcomePresenter.swift; sourceTree = "<group>"; };
		8CA8A8E72853346D0037D6DE /* WelcomeView.swift */ = {isa = PBXFileReference; lastKnownFileType = sourcecode.swift; path = WelcomeView.swift; sourceTree = "<group>"; };
		8CA8A8E9285336340037D6DE /* BaseRouter.swift */ = {isa = PBXFileReference; lastKnownFileType = sourcecode.swift; path = BaseRouter.swift; sourceTree = "<group>"; };
		8CABFF8F28743B3200FF31B0 /* GetUserGateway.swift */ = {isa = PBXFileReference; lastKnownFileType = sourcecode.swift; path = GetUserGateway.swift; sourceTree = "<group>"; };
		8CABFF9128743C8E00FF31B0 /* UserEntityForGet.swift */ = {isa = PBXFileReference; lastKnownFileType = sourcecode.swift; path = UserEntityForGet.swift; sourceTree = "<group>"; };
		8CABFF9328743CC100FF31B0 /* GetUserUseCase.swift */ = {isa = PBXFileReference; lastKnownFileType = sourcecode.swift; path = GetUserUseCase.swift; sourceTree = "<group>"; };
		8CABFF95287575FC00FF31B0 /* TextFieldandTextViewExtForKeyboard.swift */ = {isa = PBXFileReference; lastKnownFileType = sourcecode.swift; path = TextFieldandTextViewExtForKeyboard.swift; sourceTree = "<group>"; };
		8CABFF992876E78000FF31B0 /* Scenes.strings */ = {isa = PBXFileReference; lastKnownFileType = text.plist.strings; path = Scenes.strings; sourceTree = "<group>"; };
		8CABFF9B2876F73600FF31B0 /* DateFormatter + Ext.swift */ = {isa = PBXFileReference; lastKnownFileType = sourcecode.swift; path = "DateFormatter + Ext.swift"; sourceTree = "<group>"; };
		8CAFB81B28645FA900A430AB /* GalleryPhotoCell.swift */ = {isa = PBXFileReference; lastKnownFileType = sourcecode.swift; path = GalleryPhotoCell.swift; sourceTree = "<group>"; };
		8CB62F882897F396009ACD6E /* ChangePasswordEntity.swift */ = {isa = PBXFileReference; lastKnownFileType = sourcecode.swift; path = ChangePasswordEntity.swift; sourceTree = "<group>"; };
		8CE74404289BB2EB00D92CAA /* TextFieldsError.swift */ = {isa = PBXFileReference; lastKnownFileType = sourcecode.swift; path = TextFieldsError.swift; sourceTree = "<group>"; };
		8CEA0DA028A2514400804086 /* DeleteUserGateway.swift */ = {isa = PBXFileReference; lastKnownFileType = sourcecode.swift; path = DeleteUserGateway.swift; sourceTree = "<group>"; };
		8CEA0DA228A253CF00804086 /* DeleteUserUseCase.swift */ = {isa = PBXFileReference; lastKnownFileType = sourcecode.swift; path = DeleteUserUseCase.swift; sourceTree = "<group>"; };
		8CEA0DA528A27E6300804086 /* SignInViewControllerExtension.swift */ = {isa = PBXFileReference; lastKnownFileType = sourcecode.swift; path = SignInViewControllerExtension.swift; sourceTree = "<group>"; };
		8CEA0DA728A27F7900804086 /* SignUpExtensions.swift */ = {isa = PBXFileReference; lastKnownFileType = sourcecode.swift; path = SignUpExtensions.swift; sourceTree = "<group>"; };
		8CEA0DAA28A2825400804086 /* MainGalleryVC+CollectionView.swift */ = {isa = PBXFileReference; lastKnownFileType = sourcecode.swift; path = "MainGalleryVC+CollectionView.swift"; sourceTree = "<group>"; };
		8CEA0DAD28A282D700804086 /* MainGalleryVC+SearchBar.swift */ = {isa = PBXFileReference; lastKnownFileType = sourcecode.swift; path = "MainGalleryVC+SearchBar.swift"; sourceTree = "<group>"; };
		8CEA0DAF28A283D200804086 /* MainGalleryExtentions.swift */ = {isa = PBXFileReference; lastKnownFileType = sourcecode.swift; path = MainGalleryExtentions.swift; sourceTree = "<group>"; };
		8CEA0DB228A2854500804086 /* DetailedPhotoExtentions.swift */ = {isa = PBXFileReference; lastKnownFileType = sourcecode.swift; path = DetailedPhotoExtentions.swift; sourceTree = "<group>"; };
		C0FF06869783F558A16850F5 /* Pods_WebAntApp.framework */ = {isa = PBXFileReference; explicitFileType = wrapper.framework; includeInIndex = 0; path = Pods_WebAntApp.framework; sourceTree = BUILT_PRODUCTS_DIR; };
/* End PBXFileReference section */

/* Begin PBXFrameworksBuildPhase section */
		8C7DE788284E0F34001F9D9B /* Frameworks */ = {
			isa = PBXFrameworksBuildPhase;
			buildActionMask = 2147483647;
			files = (
				5601135E95C46F80F2FA41E1 /* Pods_WebAntApp.framework in Frameworks */,
			);
			runOnlyForDeploymentPostprocessing = 0;
		};
/* End PBXFrameworksBuildPhase section */

/* Begin PBXGroup section */
		618DB4E23E02E7EF174C2458 /* Pods */ = {
			isa = PBXGroup;
			children = (
				3E91C675A7E4D9ECF649FA35 /* Pods-WebAntApp.debug.xcconfig */,
				04389DDD9DC4C51A7AC84D80 /* Pods-WebAntApp.release.xcconfig */,
			);
			path = Pods;
			sourceTree = "<group>";
		};
		82D9D9D4CD6CDA989FA7401C /* Frameworks */ = {
			isa = PBXGroup;
			children = (
				C0FF06869783F558A16850F5 /* Pods_WebAntApp.framework */,
			);
			name = Frameworks;
			sourceTree = "<group>";
		};
		8C030F5728605B600029BEAD /* Settings */ = {
			isa = PBXGroup;
			children = (
				8C030F5828605B700029BEAD /* LocalSettings.swift */,
				8C030F8428609F0B0029BEAD /* UserDefaultsKeyType.swift */,
				8C37571928993395007B5248 /* UserDefaultsSettings.swift */,
			);
			path = Settings;
			sourceTree = "<group>";
		};
		8C030F5A28605E480029BEAD /* Interceptor */ = {
			isa = PBXGroup;
			children = (
				8C030F5B28605EEF0029BEAD /* AuthInterceptor.swift */,
			);
			path = Interceptor;
			sourceTree = "<group>";
		};
		8C030F5D286060A40029BEAD /* ResponseHandler */ = {
			isa = PBXGroup;
			children = (
				8C322A0F28A3C0B800770B67 /* DeletionUserResponseHandler.swift */,
				8C322A0B28A3AF8F00770B67 /* ErrorPesponseHandler.swift */,
				8C030F60286061CE0029BEAD /* AuthResponseHandler.swift */,
				8C030F622860623B0029BEAD /* ExtendedJsonResponseHandler.swift */,
				8C322A1128A3C25900770B67 /* NSErrorResponseHandler.swift */,
			);
			path = ResponseHandler;
			sourceTree = "<group>";
		};
		8C030F9228619F530029BEAD /* Protocols */ = {
			isa = PBXGroup;
			children = (
				8C6B3F7F285364AA00153686 /* SignUpView.swift */,
				8C6B3F7D285364A700153686 /* SignUpPresenter.swift */,
			);
			path = Protocols;
			sourceTree = "<group>";
		};
		8C030F9328619F6B0029BEAD /* Protocols */ = {
			isa = PBXGroup;
			children = (
				8C6B3F6C2853450700153686 /* SignInPresenter.swift */,
				8C6B3F6D2853450700153686 /* SignInView.swift */,
			);
			path = Protocols;
			sourceTree = "<group>";
		};
		8C030F9428619F8B0029BEAD /* Protocols */ = {
			isa = PBXGroup;
			children = (
				8CA8A8E52853346B0037D6DE /* WelcomePresenter.swift */,
				8CA8A8E72853346D0037D6DE /* WelcomeView.swift */,
			);
			path = Protocols;
			sourceTree = "<group>";
		};
		8C030FA52861C9CC0029BEAD /* MainGallery */ = {
			isa = PBXGroup;
			children = (
				8C030FA82861CA700029BEAD /* Protocols */,
				8CEA0DAC28A2827D00804086 /* VC+Extensions */,
				8C030F952861C9B20029BEAD /* MainGalleryStoryboard.storyboard */,
				8C030F972861C9B20029BEAD /* MainGalleryViewController.swift */,
				8C030F962861C9B20029BEAD /* MainGalleryRouter.swift */,
				8C030F982861C9B20029BEAD /* MainGalleryPresenterImp.swift */,
				8C030F992861C9B20029BEAD /* MainGalleryConfigurator.swift */,
				8C030FA92861D5A10029BEAD /* PhotoCell.swift */,
			);
			path = MainGallery;
			sourceTree = "<group>";
		};
		8C030FA72861CA390029BEAD /* Scenes */ = {
			isa = PBXGroup;
			children = (
				8C3E218128926E8500D5976F /* BaseView.swift */,
				8CA8A8D8285333CC0037D6DE /* WelcomeScene */,
				8C6B3F5F28533E9B00153686 /* SignInScene */,
				8C6B3F702853643600153686 /* SignUpScene */,
				8C030FA52861C9CC0029BEAD /* MainGallery */,
				8C17AC2A286EFD9E002CF17E /* DetailedPhotoScene */,
				8C5496AC2864502E005674C1 /* AddPhotoScene */,
				8C17AC0E286AF6BA002CF17E /* AddDataScene */,
				8C7F2CA3287813C00073D6B9 /* UserProfile */,
				8C458AAD28915CB200709CC9 /* SettingsScene */,
				8C7DE7B32850A7E4001F9D9B /* LaunchScreen */,
			);
			path = Scenes;
			sourceTree = "<group>";
		};
		8C030FA82861CA700029BEAD /* Protocols */ = {
			isa = PBXGroup;
			children = (
				8C030FA32861C9C00029BEAD /* MainGalleryView.swift */,
				8C030FA12861C9BE0029BEAD /* MainGalleryPresenter.swift */,
			);
			path = Protocols;
			sourceTree = "<group>";
		};
		8C17AC0E286AF6BA002CF17E /* AddDataScene */ = {
			isa = PBXGroup;
			children = (
				8C17AC11286AF6E9002CF17E /* Protocols */,
				8CEA0DB528A288B600804086 /* AddDataVC+Extentions */,
				8C17AC00286AF688002CF17E /* AddDataStoryboard.storyboard */,
				8C17AC02286AF688002CF17E /* AddDataViewController.swift */,
				8C17AC03286AF688002CF17E /* AddDataPresenterImp.swift */,
				8C17AC01286AF688002CF17E /* AddDataRouter.swift */,
				8C17AC04286AF688002CF17E /* AddDataConfigurator.swift */,
			);
			path = AddDataScene;
			sourceTree = "<group>";
		};
		8C17AC11286AF6E9002CF17E /* Protocols */ = {
			isa = PBXGroup;
			children = (
				8C17AC0F286AF6D3002CF17E /* AddDataView.swift */,
				8C17AC0C286AF68D002CF17E /* AddDataPresenter.swift */,
			);
			path = Protocols;
			sourceTree = "<group>";
		};
		8C17AC2A286EFD9E002CF17E /* DetailedPhotoScene */ = {
			isa = PBXGroup;
			children = (
				8C17AC3B286EFE32002CF17E /* Protocols */,
				8CEA0DB128A284F400804086 /* VC+Extentions */,
				8C17AC2B286EFDC9002CF17E /* DetailedPhotoStoryboard.storyboard */,
				8C17AC2D286EFDC9002CF17E /* DetailedPhotoViewController.swift */,
				8C17AC2C286EFDC9002CF17E /* DetailedPhotoRouter.swift */,
				8C17AC2E286EFDC9002CF17E /* DetailedPhotoPresenterImp.swift */,
				8C17AC2F286EFDC9002CF17E /* DetailedPhotoConfigurator.swift */,
			);
			path = DetailedPhotoScene;
			sourceTree = "<group>";
		};
		8C17AC3B286EFE32002CF17E /* Protocols */ = {
			isa = PBXGroup;
			children = (
				8C17AC37286EFDD7002CF17E /* DetailedPhotoPresenter.swift */,
				8C17AC39286EFDD8002CF17E /* DetailedPhotoView.swift */,
			);
			path = Protocols;
			sourceTree = "<group>";
		};
		8C322A0828A38DB800770B67 /* SettingVC+Extentions */ = {
			isa = PBXGroup;
			children = (
				8C322A0628A38DB100770B67 /* SettingsVC+Extentions.swift */,
				8C322A0928A398D600770B67 /* SettingsVC+Validation.swift */,
				8C23511528A65AB700E79FDC /* SettingsVC+UIImagePickerExt.swift */,
			);
			path = "SettingVC+Extentions";
			sourceTree = "<group>";
		};
		8C3441A128A6317500219644 /* WelcomeVC+Ext */ = {
			isa = PBXGroup;
			children = (
				8C34419F28A6316B00219644 /* WelcomeVCExtensions.swift */,
			);
			path = "WelcomeVC+Ext";
			sourceTree = "<group>";
		};
		8C36BD9E285B15DE0089D180 /* Base */ = {
			isa = PBXGroup;
			children = (
				8CA8A8E9285336340037D6DE /* BaseRouter.swift */,
			);
			path = Base;
			sourceTree = "<group>";
		};
		8C36BDA1285B274B0089D180 /* Entities */ = {
			isa = PBXGroup;
			children = (
				8C36BDA2285B276E0089D180 /* UserEntity.swift */,
				8CABFF9128743C8E00FF31B0 /* UserEntityForGet.swift */,
				8C4027DE28646CDE00CB9DE9 /* PhotoEntityForGet.swift */,
				8C4027E82865B60D00CB9DE9 /* PhotoEntityForPost.swift */,
				8C4027EC2865B7AB00CB9DE9 /* MediaObjectEntity.swift */,
				8C17AC12286D9D5F002CF17E /* PaginationEntity.swift */,
				8CB62F882897F396009ACD6E /* ChangePasswordEntity.swift */,
			);
			path = Entities;
			sourceTree = "<group>";
		};
		8C36BDAA285C5A8A0089D180 /* UseCases */ = {
			isa = PBXGroup;
			children = (
				8C6B3F8D28589CF400153686 /* RegistrationUseCase.swift */,
				8C6B3F992859ED8700153686 /* SignInUseCase.swift */,
				8C36BDA6285B57A50089D180 /* SignUpUseCase.swift */,
				8C4027EE2865BD7500CB9DE9 /* PostPhotoUseCase.swift */,
				8C17AC14286D9E18002CF17E /* PaginationUseCase.swift */,
				8CEA0D9F28A250C500804086 /* UserUseCases */,
			);
			path = UseCases;
			sourceTree = "<group>";
		};
		8C3E218028926D1A00D5976F /* Protocols */ = {
			isa = PBXGroup;
			children = (
				8C3E217C28926CDD00D5976F /* SettingsPresenter.swift */,
				8C3E217E28926CDF00D5976F /* SettingsView.swift */,
			);
			path = Protocols;
			sourceTree = "<group>";
		};
		8C458AAD28915CB200709CC9 /* SettingsScene */ = {
			isa = PBXGroup;
			children = (
				8C3E218028926D1A00D5976F /* Protocols */,
				8C322A0828A38DB800770B67 /* SettingVC+Extentions */,
				8C3E217028926CD500D5976F /* SettingsStoryboard.storyboard */,
				8C3E217228926CD500D5976F /* SettingsViewController.swift */,
				8C3E217328926CD500D5976F /* SettingsPresenterImp.swift */,
				8C3E217128926CD500D5976F /* SettingsRouter.swift */,
				8C3E217428926CD500D5976F /* SettingsConfigurator.swift */,
			);
			path = SettingsScene;
			sourceTree = "<group>";
		};
		8C5496AC2864502E005674C1 /* AddPhotoScene */ = {
			isa = PBXGroup;
			children = (
				8C5496BD2864508A005674C1 /* Protocols */,
				8CEA0DB428A2888D00804086 /* AddPhotoVC+Extentions */,
				8C5496AD28645077005674C1 /* AddPhotoStoryboard.storyboard */,
				8C5496AF28645077005674C1 /* AddPhotoViewController.swift */,
				8C5496AE28645077005674C1 /* AddPhotoRouter.swift */,
				8C5496B028645077005674C1 /* AddPhotoPresenterImp.swift */,
				8C5496B128645077005674C1 /* AddPhotoConfigurator.swift */,
				8CAFB81B28645FA900A430AB /* GalleryPhotoCell.swift */,
			);
			path = AddPhotoScene;
			sourceTree = "<group>";
		};
		8C5496BD2864508A005674C1 /* Protocols */ = {
			isa = PBXGroup;
			children = (
				8C5496B92864507E005674C1 /* AddPhotoPresenter.swift */,
				8C5496BB28645080005674C1 /* AddPhotoView.swift */,
			);
			path = Protocols;
			sourceTree = "<group>";
		};
		8C6B3F5F28533E9B00153686 /* SignInScene */ = {
			isa = PBXGroup;
			children = (
				8C030F9328619F6B0029BEAD /* Protocols */,
				8CEA0DA428A27E3000804086 /* VC+Extentions */,
				8C6B3F602853447300153686 /* SignInStoryboard.storyboard */,
				8C7DE7BC2850B350001F9D9B /* SignInViewController.swift */,
				8C6B3F612853447300153686 /* SignInRouter.swift */,
				8C6B3F632853447300153686 /* SignInPresenterImp.swift */,
				8C6B3F642853447300153686 /* SignInConfigurator.swift */,
			);
			path = SignInScene;
			sourceTree = "<group>";
		};
		8C6B3F702853643600153686 /* SignUpScene */ = {
			isa = PBXGroup;
			children = (
				8C030F9228619F530029BEAD /* Protocols */,
				8CEA0DA928A280FA00804086 /* VC+Extensions */,
				8C7DE7BA2850B32B001F9D9B /* SignUp.storyboard */,
				8C7DE7BE2850B363001F9D9B /* SignUpViewController.swift */,
				8C6B3F722853645B00153686 /* SignUpRouter.swift */,
				8C6B3F742853645B00153686 /* SignUpPresenterImp.swift */,
				8C6B3F752853645B00153686 /* SignUpConfigurator.swift */,
			);
			path = SignUpScene;
			sourceTree = "<group>";
		};
		8C6B3F82285892AE00153686 /* ApiRequest */ = {
			isa = PBXGroup;
			children = (
				8C6B3F832858934800153686 /* ExtendedApiRequest.swift */,
				8C6B3F87285893F900153686 /* ApiBaseGateway.swift */,
				8C6B3F8B2858957E00153686 /* Requests.swift */,
				8C030F5A28605E480029BEAD /* Interceptor */,
				8C030F5D286060A40029BEAD /* ResponseHandler */,
			);
			path = ApiRequest;
			sourceTree = "<group>";
		};
		8C6B3F912859E92F00153686 /* Config */ = {
			isa = PBXGroup;
			children = (
				8C6B3F922859E94900153686 /* Config.swift */,
			);
			path = Config;
			sourceTree = "<group>";
		};
		8C6B3F942859EA5200153686 /* Gateways */ = {
			isa = PBXGroup;
			children = (
				8C6B3F892858941900153686 /* RegistrationGateway.swift */,
				8C6B3F952859EA6E00153686 /* SignInGateway.swift */,
				8C36BDA8285C580A0089D180 /* SignUpGateway.swift */,
				8C4027EA2865B6FF00CB9DE9 /* PostPhotoGateway.swift */,
				8C17AC18286DAEF4002CF17E /* ApiPhotoPaginationGateway.swift */,
				8CEA0D9E28A24F6C00804086 /* UserGateways */,
			);
			path = Gateways;
			sourceTree = "<group>";
		};
		8C7DE782284E0F34001F9D9B = {
			isa = PBXGroup;
			children = (
				8C7DE78D284E0F34001F9D9B /* WebAntApp */,
				8C7DE78C284E0F34001F9D9B /* Products */,
				618DB4E23E02E7EF174C2458 /* Pods */,
				82D9D9D4CD6CDA989FA7401C /* Frameworks */,
			);
			sourceTree = "<group>";
		};
		8C7DE78C284E0F34001F9D9B /* Products */ = {
			isa = PBXGroup;
			children = (
				8C7DE78B284E0F34001F9D9B /* WebAntApp.app */,
			);
			name = Products;
			sourceTree = "<group>";
		};
		8C7DE78D284E0F34001F9D9B /* WebAntApp */ = {
			isa = PBXGroup;
			children = (
				8C030F9028619F1B0029BEAD /* Token.swift */,
				8C36BDA4285B41CE0089D180 /* DI.swift */,
				8C030F5728605B600029BEAD /* Settings */,
				8C6B3F82285892AE00153686 /* ApiRequest */,
				8C6B3F942859EA5200153686 /* Gateways */,
				8C36BDAA285C5A8A0089D180 /* UseCases */,
				8C36BDA1285B274B0089D180 /* Entities */,
				8C36BD9E285B15DE0089D180 /* Base */,
				8C6B3F912859E92F00153686 /* Config */,
				8C030FA72861CA390029BEAD /* Scenes */,
				8C4028122869C18700CB9DE9 /* RootStoryboard.storyboard */,
				8CA8A8D0285207310037D6DE /* SupportingFiles */,
				8CA8A8D5285332D10037D6DE /* Resources */,
				8C7DE797284E0F35001F9D9B /* Assets.xcassets */,
				8C7DE79C284E0F35001F9D9B /* Info.plist */,
			);
			path = WebAntApp;
			sourceTree = "<group>";
		};
		8C7DE7AC2850987E001F9D9B /* Extensions */ = {
			isa = PBXGroup;
			children = (
				8C34419D28A4EA8400219644 /* UIViewControllerExtension.swift */,
				8CABFF9B2876F73600FF31B0 /* DateFormatter + Ext.swift */,
				8C7DE7AF28509949001F9D9B /* DesignableUITextField.swift */,
				8C6B3F9B2859F6F700153686 /* StringManager.swift */,
				8CABFF95287575FC00FF31B0 /* TextFieldandTextViewExtForKeyboard.swift */,
				8C3471AD289BDBE300973558 /* CharacterSetExt.swift */,
			);
			path = Extensions;
			sourceTree = "<group>";
		};
		8C7DE7B32850A7E4001F9D9B /* LaunchScreen */ = {
			isa = PBXGroup;
			children = (
				8C7DE799284E0F35001F9D9B /* LaunchScreen.storyboard */,
			);
			path = LaunchScreen;
			sourceTree = "<group>";
		};
		8C7F2CA3287813C00073D6B9 /* UserProfile */ = {
			isa = PBXGroup;
			children = (
				8C7F2CB4287814140073D6B9 /* Protocols */,
				8CEA0DB628A288DA00804086 /* UserProfileVC+Extentions */,
				8C7F2CA4287813E40073D6B9 /* UserProfileStoryboard.storyboard */,
				8C7F2CA6287813E40073D6B9 /* UserProfileViewController.swift */,
				8C7F2CA7287813E40073D6B9 /* UserProfilePresenterImp.swift */,
				8C7F2CA5287813E40073D6B9 /* UserProfileRouter.swift */,
				8C7F2CA8287813E40073D6B9 /* UserProfileConfigurator.swift */,
			);
			path = UserProfile;
			sourceTree = "<group>";
		};
		8C7F2CB4287814140073D6B9 /* Protocols */ = {
			isa = PBXGroup;
			children = (
				8C7F2CB0287813E90073D6B9 /* UserProfilePresenter.swift */,
				8C7F2CB2287813EB0073D6B9 /* UserProfileView.swift */,
			);
			path = Protocols;
			sourceTree = "<group>";
		};
		8CA8A8D0285207310037D6DE /* SupportingFiles */ = {
			isa = PBXGroup;
			children = (
				8C7DE790284E0F34001F9D9B /* SceneDelegate.swift */,
				8C7DE78E284E0F34001F9D9B /* AppDelegate.swift */,
			);
			path = SupportingFiles;
			sourceTree = "<group>";
		};
		8CA8A8D5285332D10037D6DE /* Resources */ = {
			isa = PBXGroup;
			children = (
				8C7DE7AC2850987E001F9D9B /* Extensions */,
				8C458AAB2891536900709CC9 /* CustomActivityIndicatorView.swift */,
				8C3E21832893F16D00D5976F /* ModelAlertViewController.swift */,
				8C3314962863310D003D6F99 /* CustomSegmentedControl.swift */,
				8C6B3F8F2859D7F900153686 /* Validator.swift */,
				8CE74404289BB2EB00D92CAA /* TextFieldsError.swift */,
				8CABFF992876E78000FF31B0 /* Scenes.strings */,
				8C322A0D28A3B05800770B67 /* ResponseHandlers.strings */,
				8CA8A8D62853330E0037D6DE /* R.generated.swift */,
			);
			path = Resources;
			sourceTree = "<group>";
		};
		8CA8A8D8285333CC0037D6DE /* WelcomeScene */ = {
			isa = PBXGroup;
			children = (
				8C030F9428619F8B0029BEAD /* Protocols */,
				8C3441A128A6317500219644 /* WelcomeVC+Ext */,
				8CA8A8D92853341B0037D6DE /* WelcomeStoryboard.storyboard */,
				8C7DE792284E0F34001F9D9B /* WelcomeController.swift */,
				8CA8A8DA2853341B0037D6DE /* WelcomeRouter.swift */,
				8CA8A8DC2853341B0037D6DE /* WelcomePresenterImp.swift */,
				8CA8A8DD2853341B0037D6DE /* WelcomeConfigurator.swift */,
			);
			path = WelcomeScene;
			sourceTree = "<group>";
		};
		8CEA0D9E28A24F6C00804086 /* UserGateways */ = {
			isa = PBXGroup;
			children = (
				8CABFF8F28743B3200FF31B0 /* GetUserGateway.swift */,
				8C5F11AD2878446800981819 /* GetCurrentUserGateway.swift */,
				8C3757112897F8A6007B5248 /* ChangePasswordGateway.swift */,
				8C37571528992729007B5248 /* ChangeUserInfoGateway.swift */,
				8CEA0DA028A2514400804086 /* DeleteUserGateway.swift */,
			);
			path = UserGateways;
			sourceTree = "<group>";
		};
		8CEA0D9F28A250C500804086 /* UserUseCases */ = {
			isa = PBXGroup;
			children = (
				8CABFF9328743CC100FF31B0 /* GetUserUseCase.swift */,
				8C5F11AF2878465100981819 /* GetCurrentUserUseCase.swift */,
				8C3757132897FBF9007B5248 /* ChangePasswordUseCase.swift */,
				8C37571728992933007B5248 /* ChangeUserInfoUseCase.swift */,
				8CEA0DA228A253CF00804086 /* DeleteUserUseCase.swift */,
			);
			path = UserUseCases;
			sourceTree = "<group>";
		};
		8CEA0DA428A27E3000804086 /* VC+Extentions */ = {
			isa = PBXGroup;
			children = (
				8CEA0DA528A27E6300804086 /* SignInViewControllerExtension.swift */,
				8C3441A228A6444F00219644 /* SignInVC+Validation.swift */,
			);
			path = "VC+Extentions";
			sourceTree = "<group>";
		};
		8CEA0DA928A280FA00804086 /* VC+Extensions */ = {
			isa = PBXGroup;
			children = (
				8CEA0DA728A27F7900804086 /* SignUpExtensions.swift */,
				8C3471AB289BC84600973558 /* SignUpVC+Validation.swift */,
			);
			path = "VC+Extensions";
			sourceTree = "<group>";
		};
		8CEA0DAC28A2827D00804086 /* VC+Extensions */ = {
			isa = PBXGroup;
			children = (
				8CEA0DAD28A282D700804086 /* MainGalleryVC+SearchBar.swift */,
				8CEA0DAA28A2825400804086 /* MainGalleryVC+CollectionView.swift */,
				8CEA0DAF28A283D200804086 /* MainGalleryExtentions.swift */,
			);
			path = "VC+Extensions";
			sourceTree = "<group>";
		};
		8CEA0DB128A284F400804086 /* VC+Extentions */ = {
			isa = PBXGroup;
			children = (
				8CEA0DB228A2854500804086 /* DetailedPhotoExtentions.swift */,
				8C8E819728A64CF20037F031 /* DetailedPhotoVC+Scroll.swift */,
			);
			path = "VC+Extentions";
			sourceTree = "<group>";
		};
		8CEA0DB428A2888D00804086 /* AddPhotoVC+Extentions */ = {
			isa = PBXGroup;
			children = (
				8C322A0028A386CE00770B67 /* AddPhotoVC+PickerController.swift */,
				8C322A0228A3872300770B67 /* AddPhotoVCExtentions.swift */,
			);
			path = "AddPhotoVC+Extentions";
			sourceTree = "<group>";
		};
		8CEA0DB528A288B600804086 /* AddDataVC+Extentions */ = {
			isa = PBXGroup;
			children = (
				8C8E819928A651280037F031 /* AddDataExtensions.swift */,
			);
			path = "AddDataVC+Extentions";
			sourceTree = "<group>";
		};
		8CEA0DB628A288DA00804086 /* UserProfileVC+Extentions */ = {
			isa = PBXGroup;
			children = (
				8C322A0428A389D500770B67 /* UserProfileVC+Extentions.swift */,
			);
			path = "UserProfileVC+Extentions";
			sourceTree = "<group>";
		};
/* End PBXGroup section */

/* Begin PBXNativeTarget section */
		8C7DE78A284E0F34001F9D9B /* WebAntApp */ = {
			isa = PBXNativeTarget;
			buildConfigurationList = 8C7DE79F284E0F35001F9D9B /* Build configuration list for PBXNativeTarget "WebAntApp" */;
			buildPhases = (
				1C8E184A0E4DF1246F1E46B9 /* [CP] Check Pods Manifest.lock */,
				8CA8A8D4285331CE0037D6DE /* R.Swift */,
				8CDDF03D285CA2FA00156A28 /* ShellScript */,
				8C7DE787284E0F34001F9D9B /* Sources */,
				8C7DE788284E0F34001F9D9B /* Frameworks */,
				8C7DE789284E0F34001F9D9B /* Resources */,
				EA9F97186C932130686E8190 /* [CP] Embed Pods Frameworks */,
			);
			buildRules = (
			);
			dependencies = (
			);
			name = WebAntApp;
			productName = WebAntApp;
			productReference = 8C7DE78B284E0F34001F9D9B /* WebAntApp.app */;
			productType = "com.apple.product-type.application";
		};
/* End PBXNativeTarget section */

/* Begin PBXProject section */
		8C7DE783284E0F34001F9D9B /* Project object */ = {
			isa = PBXProject;
			attributes = {
				BuildIndependentTargetsInParallel = 1;
				LastSwiftUpdateCheck = 1330;
				LastUpgradeCheck = 1330;
				TargetAttributes = {
					8C7DE78A284E0F34001F9D9B = {
						CreatedOnToolsVersion = 13.3;
					};
				};
			};
			buildConfigurationList = 8C7DE786284E0F34001F9D9B /* Build configuration list for PBXProject "WebAntApp" */;
			compatibilityVersion = "Xcode 13.0";
			developmentRegion = en;
			hasScannedForEncodings = 0;
			knownRegions = (
				en,
				Base,
			);
			mainGroup = 8C7DE782284E0F34001F9D9B;
			productRefGroup = 8C7DE78C284E0F34001F9D9B /* Products */;
			projectDirPath = "";
			projectRoot = "";
			targets = (
				8C7DE78A284E0F34001F9D9B /* WebAntApp */,
			);
		};
/* End PBXProject section */

/* Begin PBXResourcesBuildPhase section */
		8C7DE789284E0F34001F9D9B /* Resources */ = {
			isa = PBXResourcesBuildPhase;
			buildActionMask = 2147483647;
			files = (
				8C5496B328645077005674C1 /* AddPhotoStoryboard.storyboard in Resources */,
				8C17AC06286AF688002CF17E /* AddDataStoryboard.storyboard in Resources */,
				8C17AC31286EFDC9002CF17E /* DetailedPhotoStoryboard.storyboard in Resources */,
				8C7DE79B284E0F35001F9D9B /* LaunchScreen.storyboard in Resources */,
				8C4028132869C18700CB9DE9 /* RootStoryboard.storyboard in Resources */,
				8CABFF9A2876E78000FF31B0 /* Scenes.strings in Resources */,
				8C322A0E28A3B05800770B67 /* ResponseHandlers.strings in Resources */,
				8C7DE798284E0F35001F9D9B /* Assets.xcassets in Resources */,
				8C030F9B2861C9B20029BEAD /* MainGalleryStoryboard.storyboard in Resources */,
				8C7F2CAA287813E40073D6B9 /* UserProfileStoryboard.storyboard in Resources */,
				8C6B3F662853447300153686 /* SignInStoryboard.storyboard in Resources */,
				8CA8A8DF2853341B0037D6DE /* WelcomeStoryboard.storyboard in Resources */,
				8C3E217628926CD500D5976F /* SettingsStoryboard.storyboard in Resources */,
				8C7DE7BB2850B32B001F9D9B /* SignUp.storyboard in Resources */,
			);
			runOnlyForDeploymentPostprocessing = 0;
		};
/* End PBXResourcesBuildPhase section */

/* Begin PBXShellScriptBuildPhase section */
		1C8E184A0E4DF1246F1E46B9 /* [CP] Check Pods Manifest.lock */ = {
			isa = PBXShellScriptBuildPhase;
			buildActionMask = 2147483647;
			files = (
			);
			inputFileListPaths = (
			);
			inputPaths = (
				"${PODS_PODFILE_DIR_PATH}/Podfile.lock",
				"${PODS_ROOT}/Manifest.lock",
			);
			name = "[CP] Check Pods Manifest.lock";
			outputFileListPaths = (
			);
			outputPaths = (
				"$(DERIVED_FILE_DIR)/Pods-WebAntApp-checkManifestLockResult.txt",
			);
			runOnlyForDeploymentPostprocessing = 0;
			shellPath = /bin/sh;
			shellScript = "diff \"${PODS_PODFILE_DIR_PATH}/Podfile.lock\" \"${PODS_ROOT}/Manifest.lock\" > /dev/null\nif [ $? != 0 ] ; then\n    # print error to STDERR\n    echo \"error: The sandbox is not in sync with the Podfile.lock. Run 'pod install' or update your CocoaPods installation.\" >&2\n    exit 1\nfi\n# This output is used by Xcode 'outputs' to avoid re-running this script phase.\necho \"SUCCESS\" > \"${SCRIPT_OUTPUT_FILE_0}\"\n";
			showEnvVarsInLog = 0;
		};
		8CA8A8D4285331CE0037D6DE /* R.Swift */ = {
			isa = PBXShellScriptBuildPhase;
			alwaysOutOfDate = 1;
			buildActionMask = 2147483647;
			files = (
			);
			inputFileListPaths = (
			);
			inputPaths = (
			);
			name = R.Swift;
			outputFileListPaths = (
			);
			outputPaths = (
				$SRCROOT/R.generated.swift,
			);
			runOnlyForDeploymentPostprocessing = 0;
			shellPath = /bin/sh;
			shellScript = "# Type a script or drag a script file from your workspace to insert its path.\n\"$PODS_ROOT/R.swift/rswift\" generate \"$SRCROOT/R.generated.swift\"\n";
		};
		8CDDF03D285CA2FA00156A28 /* ShellScript */ = {
			isa = PBXShellScriptBuildPhase;
			buildActionMask = 2147483647;
			files = (
			);
			inputFileListPaths = (
			);
			inputPaths = (
			);
			outputFileListPaths = (
			);
			outputPaths = (
			);
			runOnlyForDeploymentPostprocessing = 0;
			shellPath = /bin/sh;
			shellScript = "
";
		};
		EA9F97186C932130686E8190 /* [CP] Embed Pods Frameworks */ = {
			isa = PBXShellScriptBuildPhase;
			buildActionMask = 2147483647;
			files = (
			);
			inputFileListPaths = (
				"${PODS_ROOT}/Target Support Files/Pods-WebAntApp/Pods-WebAntApp-frameworks-${CONFIGURATION}-input-files.xcfilelist",
			);
			name = "[CP] Embed Pods Frameworks";
			outputFileListPaths = (
				"${PODS_ROOT}/Target Support Files/Pods-WebAntApp/Pods-WebAntApp-frameworks-${CONFIGURATION}-output-files.xcfilelist",
			);
			runOnlyForDeploymentPostprocessing = 0;
			shellPath = /bin/sh;
			shellScript = "\"${PODS_ROOT}/Target Support Files/Pods-WebAntApp/Pods-WebAntApp-frameworks.sh\"\n";
			showEnvVarsInLog = 0;
		};
/* End PBXShellScriptBuildPhase section */

/* Begin PBXSourcesBuildPhase section */
		8C7DE787284E0F34001F9D9B /* Sources */ = {
			isa = PBXSourcesBuildPhase;
			buildActionMask = 2147483647;
			files = (
				8C3757142897FBF9007B5248 /* ChangePasswordUseCase.swift in Sources */,
				8C3471AC289BC84600973558 /* SignUpVC+Validation.swift in Sources */,
				8C6B3F6E2853450700153686 /* SignInView.swift in Sources */,
				8C6B3F7E285364A700153686 /* SignUpPresenter.swift in Sources */,
				8C37571628992729007B5248 /* ChangeUserInfoGateway.swift in Sources */,
				8CA8A8D72853330E0037D6DE /* R.generated.swift in Sources */,
				8C3E218228926E8500D5976F /* BaseView.swift in Sources */,
				8CEA0DA828A27F7900804086 /* SignUpExtensions.swift in Sources */,
				8C17AC35286EFDC9002CF17E /* DetailedPhotoConfigurator.swift in Sources */,
				8C3E217828926CD500D5976F /* SettingsViewController.swift in Sources */,
				8C6B3F962859EA6E00153686 /* SignInGateway.swift in Sources */,
				8C8E819828A64CF20037F031 /* DetailedPhotoVC+Scroll.swift in Sources */,
				8C3441A328A6444F00219644 /* SignInVC+Validation.swift in Sources */,
				8C3471AE289BDBE300973558 /* CharacterSetExt.swift in Sources */,
				8C17AC0D286AF68D002CF17E /* AddDataPresenter.swift in Sources */,
				8CA8A8E02853341B0037D6DE /* WelcomeRouter.swift in Sources */,
				8C030F61286061CE0029BEAD /* AuthResponseHandler.swift in Sources */,
				8C6B3F9A2859ED8800153686 /* SignInUseCase.swift in Sources */,
				8C5496BC28645080005674C1 /* AddPhotoView.swift in Sources */,
				8C6B3F8E28589CF400153686 /* RegistrationUseCase.swift in Sources */,
				8C4027EB2865B6FF00CB9DE9 /* PostPhotoGateway.swift in Sources */,
				8C4027ED2865B7AB00CB9DE9 /* MediaObjectEntity.swift in Sources */,
				8C17AC34286EFDC9002CF17E /* DetailedPhotoPresenterImp.swift in Sources */,
				8C6B3F80285364AA00153686 /* SignUpView.swift in Sources */,
				8C6B3F8C2858957E00153686 /* Requests.swift in Sources */,
				8C6B3F6A2853447300153686 /* SignInConfigurator.swift in Sources */,
				8CA8A8E22853341B0037D6DE /* WelcomePresenterImp.swift in Sources */,
				8C322A0328A3872300770B67 /* AddPhotoVCExtentions.swift in Sources */,
				8C17AC33286EFDC9002CF17E /* DetailedPhotoViewController.swift in Sources */,
				8CE74405289BB2EC00D92CAA /* TextFieldsError.swift in Sources */,
				8CA8A8E62853346B0037D6DE /* WelcomePresenter.swift in Sources */,
				8C6B3F6F2853450700153686 /* SignInPresenter.swift in Sources */,
				8C3441A028A6316B00219644 /* WelcomeVCExtensions.swift in Sources */,
				8CEA0DAB28A2825400804086 /* MainGalleryVC+CollectionView.swift in Sources */,
				8C7F2CB3287813EB0073D6B9 /* UserProfileView.swift in Sources */,
				8C17AC07286AF688002CF17E /* AddDataRouter.swift in Sources */,
				8C030F9E2861C9B20029BEAD /* MainGalleryPresenterImp.swift in Sources */,
				8C17AC0A286AF688002CF17E /* AddDataConfigurator.swift in Sources */,
				8C7F2CAE287813E40073D6B9 /* UserProfileConfigurator.swift in Sources */,
				8C6B3F7A2853645C00153686 /* SignUpPresenterImp.swift in Sources */,
				8C030F5928605B700029BEAD /* LocalSettings.swift in Sources */,
				8CABFF9028743B3200FF31B0 /* GetUserGateway.swift in Sources */,
				8C030FA22861C9BE0029BEAD /* MainGalleryPresenter.swift in Sources */,
				8C030F8528609F0B0029BEAD /* UserDefaultsKeyType.swift in Sources */,
				8C030F9128619F1B0029BEAD /* Token.swift in Sources */,
				8C23511628A65AB700E79FDC /* SettingsVC+UIImagePickerExt.swift in Sources */,
				8C3E217728926CD500D5976F /* SettingsRouter.swift in Sources */,
				8C3E217F28926CDF00D5976F /* SettingsView.swift in Sources */,
				8C6B3F7B2853645C00153686 /* SignUpConfigurator.swift in Sources */,
				8C37571828992933007B5248 /* ChangeUserInfoUseCase.swift in Sources */,
				8C3314972863310D003D6F99 /* CustomSegmentedControl.swift in Sources */,
				8C322A1228A3C25900770B67 /* NSErrorResponseHandler.swift in Sources */,
				8CEA0DA328A253CF00804086 /* DeleteUserUseCase.swift in Sources */,
				8C5496B428645077005674C1 /* AddPhotoRouter.swift in Sources */,
				8C030F5C28605EEF0029BEAD /* AuthInterceptor.swift in Sources */,
				8CABFF9228743C8E00FF31B0 /* UserEntityForGet.swift in Sources */,
				8CABFF9C2876F73700FF31B0 /* DateFormatter + Ext.swift in Sources */,
				8C322A1028A3C0B800770B67 /* DeletionUserResponseHandler.swift in Sources */,
				8C17AC38286EFDD7002CF17E /* DetailedPhotoPresenter.swift in Sources */,
				8C17AC15286D9E18002CF17E /* PaginationUseCase.swift in Sources */,
				8C6B3F9C2859F6F700153686 /* StringManager.swift in Sources */,
				8C6B3F902859D7F900153686 /* Validator.swift in Sources */,
				8C17AC13286D9D5F002CF17E /* PaginationEntity.swift in Sources */,
				8C7DE7BF2850B363001F9D9B /* SignUpViewController.swift in Sources */,
				8C322A0C28A3AF8F00770B67 /* ErrorPesponseHandler.swift in Sources */,
				8C5496BA2864507E005674C1 /* AddPhotoPresenter.swift in Sources */,
				8CEA0DB328A2854500804086 /* DetailedPhotoExtentions.swift in Sources */,
				8C3E217928926CD500D5976F /* SettingsPresenterImp.swift in Sources */,
				8CA8A8E32853341B0037D6DE /* WelcomeConfigurator.swift in Sources */,
				8CAFB81C28645FA900A430AB /* GalleryPhotoCell.swift in Sources */,
				8C36BDA5285B41CE0089D180 /* DI.swift in Sources */,
				8C5496B728645077005674C1 /* AddPhotoConfigurator.swift in Sources */,
				8C17AC08286AF688002CF17E /* AddDataViewController.swift in Sources */,
				8C6B3F88285893F900153686 /* ApiBaseGateway.swift in Sources */,
				8C7F2CAB287813E40073D6B9 /* UserProfileRouter.swift in Sources */,
				8C5F11AE2878446800981819 /* GetCurrentUserGateway.swift in Sources */,
				8C17AC32286EFDC9002CF17E /* DetailedPhotoRouter.swift in Sources */,
				8C17AC09286AF688002CF17E /* AddDataPresenterImp.swift in Sources */,
				8C4027EF2865BD7500CB9DE9 /* PostPhotoUseCase.swift in Sources */,
				8C6B3F932859E94900153686 /* Config.swift in Sources */,
				8CEA0DA628A27E6300804086 /* SignInViewControllerExtension.swift in Sources */,
				8C322A0528A389D500770B67 /* UserProfileVC+Extentions.swift in Sources */,
				8C5496B528645077005674C1 /* AddPhotoViewController.swift in Sources */,
				8C7DE7B028509949001F9D9B /* DesignableUITextField.swift in Sources */,
				8C4027E92865B60D00CB9DE9 /* PhotoEntityForPost.swift in Sources */,
				8CA8A8EA285336340037D6DE /* BaseRouter.swift in Sources */,
				8C17AC10286AF6D3002CF17E /* AddDataView.swift in Sources */,
				8C3E217A28926CD500D5976F /* SettingsConfigurator.swift in Sources */,
				8C6B3F692853447300153686 /* SignInPresenterImp.swift in Sources */,
				8C030F9C2861C9B20029BEAD /* MainGalleryRouter.swift in Sources */,
				8C36BDA9285C580A0089D180 /* SignUpGateway.swift in Sources */,
				8C7F2CAD287813E40073D6B9 /* UserProfilePresenterImp.swift in Sources */,
				8C4027DF28646CDE00CB9DE9 /* PhotoEntityForGet.swift in Sources */,
				8CEA0DAE28A282D700804086 /* MainGalleryVC+SearchBar.swift in Sources */,
				8CEA0DB028A283D200804086 /* MainGalleryExtentions.swift in Sources */,
				8C458AAC2891536900709CC9 /* CustomActivityIndicatorView.swift in Sources */,
				8CB62F892897F396009ACD6E /* ChangePasswordEntity.swift in Sources */,
				8C322A0A28A398D600770B67 /* SettingsVC+Validation.swift in Sources */,
				8C7F2CAC287813E40073D6B9 /* UserProfileViewController.swift in Sources */,
				8C7DE793284E0F34001F9D9B /* WelcomeController.swift in Sources */,
				8C8E819A28A651280037F031 /* AddDataExtensions.swift in Sources */,
				8C37571A28993395007B5248 /* UserDefaultsSettings.swift in Sources */,
				8C030F632860623B0029BEAD /* ExtendedJsonResponseHandler.swift in Sources */,
				8C6B3F8A2858941900153686 /* RegistrationGateway.swift in Sources */,
				8CA8A8E82853346D0037D6DE /* WelcomeView.swift in Sources */,
				8C3E217D28926CDD00D5976F /* SettingsPresenter.swift in Sources */,
				8C6B3F672853447300153686 /* SignInRouter.swift in Sources */,
				8C7DE78F284E0F34001F9D9B /* AppDelegate.swift in Sources */,
				8C36BDA3285B276E0089D180 /* UserEntity.swift in Sources */,
				8CABFF9428743CC100FF31B0 /* GetUserUseCase.swift in Sources */,
				8C7F2CB1287813E90073D6B9 /* UserProfilePresenter.swift in Sources */,
				8C030FA42861C9C00029BEAD /* MainGalleryView.swift in Sources */,
				8C36BDA7285B57A50089D180 /* SignUpUseCase.swift in Sources */,
				8C17AC3A286EFDD8002CF17E /* DetailedPhotoView.swift in Sources */,
				8C34419E28A4EA8400219644 /* UIViewControllerExtension.swift in Sources */,
				8C17AC19286DAEF4002CF17E /* ApiPhotoPaginationGateway.swift in Sources */,
				8C030FAA2861D5A10029BEAD /* PhotoCell.swift in Sources */,
				8C7DE7BD2850B350001F9D9B /* SignInViewController.swift in Sources */,
				8CEA0DA128A2514400804086 /* DeleteUserGateway.swift in Sources */,
				8C322A0728A38DB100770B67 /* SettingsVC+Extentions.swift in Sources */,
				8C7DE791284E0F34001F9D9B /* SceneDelegate.swift in Sources */,
				8C5496B628645077005674C1 /* AddPhotoPresenterImp.swift in Sources */,
				8C6B3F782853645C00153686 /* SignUpRouter.swift in Sources */,
				8C322A0128A386CE00770B67 /* AddPhotoVC+PickerController.swift in Sources */,
				8C3E21842893F16D00D5976F /* ModelAlertViewController.swift in Sources */,
				8C030F9D2861C9B20029BEAD /* MainGalleryViewController.swift in Sources */,
				8CABFF96287575FC00FF31B0 /* TextFieldandTextViewExtForKeyboard.swift in Sources */,
				8C030F9F2861C9B20029BEAD /* MainGalleryConfigurator.swift in Sources */,
				8C6B3F842858934800153686 /* ExtendedApiRequest.swift in Sources */,
				8C3757122897F8A6007B5248 /* ChangePasswordGateway.swift in Sources */,
				8C5F11B02878465100981819 /* GetCurrentUserUseCase.swift in Sources */,
			);
			runOnlyForDeploymentPostprocessing = 0;
		};
/* End PBXSourcesBuildPhase section */

/* Begin PBXVariantGroup section */
		8C7DE799284E0F35001F9D9B /* LaunchScreen.storyboard */ = {
			isa = PBXVariantGroup;
			children = (
				8C7DE79A284E0F35001F9D9B /* Base */,
			);
			name = LaunchScreen.storyboard;
			sourceTree = "<group>";
		};
/* End PBXVariantGroup section */

/* Begin XCBuildConfiguration section */
		8C7DE79D284E0F35001F9D9B /* Debug */ = {
			isa = XCBuildConfiguration;
			buildSettings = {
				ALWAYS_SEARCH_USER_PATHS = NO;
				CLANG_ANALYZER_NONNULL = YES;
				CLANG_ANALYZER_NUMBER_OBJECT_CONVERSION = YES_AGGRESSIVE;
				CLANG_CXX_LANGUAGE_STANDARD = "gnu++17";
				CLANG_ENABLE_MODULES = YES;
				CLANG_ENABLE_OBJC_ARC = YES;
				CLANG_ENABLE_OBJC_WEAK = YES;
				CLANG_WARN_BLOCK_CAPTURE_AUTORELEASING = YES;
				CLANG_WARN_BOOL_CONVERSION = YES;
				CLANG_WARN_COMMA = YES;
				CLANG_WARN_CONSTANT_CONVERSION = YES;
				CLANG_WARN_DEPRECATED_OBJC_IMPLEMENTATIONS = YES;
				CLANG_WARN_DIRECT_OBJC_ISA_USAGE = YES_ERROR;
				CLANG_WARN_DOCUMENTATION_COMMENTS = YES;
				CLANG_WARN_EMPTY_BODY = YES;
				CLANG_WARN_ENUM_CONVERSION = YES;
				CLANG_WARN_INFINITE_RECURSION = YES;
				CLANG_WARN_INT_CONVERSION = YES;
				CLANG_WARN_NON_LITERAL_NULL_CONVERSION = YES;
				CLANG_WARN_OBJC_IMPLICIT_RETAIN_SELF = YES;
				CLANG_WARN_OBJC_LITERAL_CONVERSION = YES;
				CLANG_WARN_OBJC_ROOT_CLASS = YES_ERROR;
				CLANG_WARN_QUOTED_INCLUDE_IN_FRAMEWORK_HEADER = YES;
				CLANG_WARN_RANGE_LOOP_ANALYSIS = YES;
				CLANG_WARN_STRICT_PROTOTYPES = YES;
				CLANG_WARN_SUSPICIOUS_MOVE = YES;
				CLANG_WARN_UNGUARDED_AVAILABILITY = YES_AGGRESSIVE;
				CLANG_WARN_UNREACHABLE_CODE = YES;
				CLANG_WARN__DUPLICATE_METHOD_MATCH = YES;
				COPY_PHASE_STRIP = NO;
				DEBUG_INFORMATION_FORMAT = dwarf;
				ENABLE_STRICT_OBJC_MSGSEND = YES;
				ENABLE_TESTABILITY = YES;
				GCC_C_LANGUAGE_STANDARD = gnu11;
				GCC_DYNAMIC_NO_PIC = NO;
				GCC_NO_COMMON_BLOCKS = YES;
				GCC_OPTIMIZATION_LEVEL = 0;
				GCC_PREPROCESSOR_DEFINITIONS = (
					"DEBUG=1",
					"$(inherited)",
				);
				GCC_WARN_64_TO_32_BIT_CONVERSION = YES;
				GCC_WARN_ABOUT_RETURN_TYPE = YES_ERROR;
				GCC_WARN_UNDECLARED_SELECTOR = YES;
				GCC_WARN_UNINITIALIZED_AUTOS = YES_AGGRESSIVE;
				GCC_WARN_UNUSED_FUNCTION = YES;
				GCC_WARN_UNUSED_VARIABLE = YES;
				IPHONEOS_DEPLOYMENT_TARGET = 13.0;
				MTL_ENABLE_DEBUG_INFO = INCLUDE_SOURCE;
				MTL_FAST_MATH = YES;
				ONLY_ACTIVE_ARCH = YES;
				SDKROOT = iphoneos;
				SWIFT_ACTIVE_COMPILATION_CONDITIONS = DEBUG;
				SWIFT_OPTIMIZATION_LEVEL = "-Onone";
			};
			name = Debug;
		};
		8C7DE79E284E0F35001F9D9B /* Release */ = {
			isa = XCBuildConfiguration;
			buildSettings = {
				ALWAYS_SEARCH_USER_PATHS = NO;
				CLANG_ANALYZER_NONNULL = YES;
				CLANG_ANALYZER_NUMBER_OBJECT_CONVERSION = YES_AGGRESSIVE;
				CLANG_CXX_LANGUAGE_STANDARD = "gnu++17";
				CLANG_ENABLE_MODULES = YES;
				CLANG_ENABLE_OBJC_ARC = YES;
				CLANG_ENABLE_OBJC_WEAK = YES;
				CLANG_WARN_BLOCK_CAPTURE_AUTORELEASING = YES;
				CLANG_WARN_BOOL_CONVERSION = YES;
				CLANG_WARN_COMMA = YES;
				CLANG_WARN_CONSTANT_CONVERSION = YES;
				CLANG_WARN_DEPRECATED_OBJC_IMPLEMENTATIONS = YES;
				CLANG_WARN_DIRECT_OBJC_ISA_USAGE = YES_ERROR;
				CLANG_WARN_DOCUMENTATION_COMMENTS = YES;
				CLANG_WARN_EMPTY_BODY = YES;
				CLANG_WARN_ENUM_CONVERSION = YES;
				CLANG_WARN_INFINITE_RECURSION = YES;
				CLANG_WARN_INT_CONVERSION = YES;
				CLANG_WARN_NON_LITERAL_NULL_CONVERSION = YES;
				CLANG_WARN_OBJC_IMPLICIT_RETAIN_SELF = YES;
				CLANG_WARN_OBJC_LITERAL_CONVERSION = YES;
				CLANG_WARN_OBJC_ROOT_CLASS = YES_ERROR;
				CLANG_WARN_QUOTED_INCLUDE_IN_FRAMEWORK_HEADER = YES;
				CLANG_WARN_RANGE_LOOP_ANALYSIS = YES;
				CLANG_WARN_STRICT_PROTOTYPES = YES;
				CLANG_WARN_SUSPICIOUS_MOVE = YES;
				CLANG_WARN_UNGUARDED_AVAILABILITY = YES_AGGRESSIVE;
				CLANG_WARN_UNREACHABLE_CODE = YES;
				CLANG_WARN__DUPLICATE_METHOD_MATCH = YES;
				COPY_PHASE_STRIP = NO;
				DEBUG_INFORMATION_FORMAT = "dwarf-with-dsym";
				ENABLE_NS_ASSERTIONS = NO;
				ENABLE_STRICT_OBJC_MSGSEND = YES;
				GCC_C_LANGUAGE_STANDARD = gnu11;
				GCC_NO_COMMON_BLOCKS = YES;
				GCC_WARN_64_TO_32_BIT_CONVERSION = YES;
				GCC_WARN_ABOUT_RETURN_TYPE = YES_ERROR;
				GCC_WARN_UNDECLARED_SELECTOR = YES;
				GCC_WARN_UNINITIALIZED_AUTOS = YES_AGGRESSIVE;
				GCC_WARN_UNUSED_FUNCTION = YES;
				GCC_WARN_UNUSED_VARIABLE = YES;
				IPHONEOS_DEPLOYMENT_TARGET = 13.0;
				MTL_ENABLE_DEBUG_INFO = NO;
				MTL_FAST_MATH = YES;
				SDKROOT = iphoneos;
				SWIFT_COMPILATION_MODE = wholemodule;
				SWIFT_OPTIMIZATION_LEVEL = "-O";
				VALIDATE_PRODUCT = YES;
			};
			name = Release;
		};
		8C7DE7A0284E0F35001F9D9B /* Debug */ = {
			isa = XCBuildConfiguration;
			baseConfigurationReference = 3E91C675A7E4D9ECF649FA35 /* Pods-WebAntApp.debug.xcconfig */;
			buildSettings = {
				ASSETCATALOG_COMPILER_APPICON_NAME = AppIcon;
				ASSETCATALOG_COMPILER_GLOBAL_ACCENT_COLOR_NAME = AccentColor;
				CODE_SIGN_STYLE = Automatic;
				CURRENT_PROJECT_VERSION = 1;
				DEVELOPMENT_TEAM = 6K8GT3Y82Q;
				GENERATE_INFOPLIST_FILE = YES;
				INFOPLIST_FILE = WebAntApp/Info.plist;
				INFOPLIST_KEY_UIApplicationSupportsIndirectInputEvents = YES;
				INFOPLIST_KEY_UILaunchStoryboardName = LaunchScreen;
				INFOPLIST_KEY_UISupportedInterfaceOrientations_iPad = "UIInterfaceOrientationPortrait UIInterfaceOrientationPortraitUpsideDown UIInterfaceOrientationLandscapeLeft UIInterfaceOrientationLandscapeRight";
				INFOPLIST_KEY_UISupportedInterfaceOrientations_iPhone = "UIInterfaceOrientationPortrait UIInterfaceOrientationLandscapeLeft UIInterfaceOrientationLandscapeRight";
				IPHONEOS_DEPLOYMENT_TARGET = 13.0;
				LD_RUNPATH_SEARCH_PATHS = (
					"$(inherited)",
					"@executable_path/Frameworks",
				);
				MARKETING_VERSION = 1.0;
				PRODUCT_BUNDLE_IDENTIFIER = com.yuliya.lesson22.WebAntApp;
				PRODUCT_NAME = "$(TARGET_NAME)";
				SWIFT_EMIT_LOC_STRINGS = YES;
				SWIFT_VERSION = 5.0;
				TARGETED_DEVICE_FAMILY = 1;
			};
			name = Debug;
		};
		8C7DE7A1284E0F35001F9D9B /* Release */ = {
			isa = XCBuildConfiguration;
			baseConfigurationReference = 04389DDD9DC4C51A7AC84D80 /* Pods-WebAntApp.release.xcconfig */;
			buildSettings = {
				ASSETCATALOG_COMPILER_APPICON_NAME = AppIcon;
				ASSETCATALOG_COMPILER_GLOBAL_ACCENT_COLOR_NAME = AccentColor;
				CODE_SIGN_STYLE = Automatic;
				CURRENT_PROJECT_VERSION = 1;
				DEVELOPMENT_TEAM = 6K8GT3Y82Q;
				GENERATE_INFOPLIST_FILE = YES;
				INFOPLIST_FILE = WebAntApp/Info.plist;
				INFOPLIST_KEY_UIApplicationSupportsIndirectInputEvents = YES;
				INFOPLIST_KEY_UILaunchStoryboardName = LaunchScreen;
				INFOPLIST_KEY_UISupportedInterfaceOrientations_iPad = "UIInterfaceOrientationPortrait UIInterfaceOrientationPortraitUpsideDown UIInterfaceOrientationLandscapeLeft UIInterfaceOrientationLandscapeRight";
				INFOPLIST_KEY_UISupportedInterfaceOrientations_iPhone = "UIInterfaceOrientationPortrait UIInterfaceOrientationLandscapeLeft UIInterfaceOrientationLandscapeRight";
				IPHONEOS_DEPLOYMENT_TARGET = 13.0;
				LD_RUNPATH_SEARCH_PATHS = (
					"$(inherited)",
					"@executable_path/Frameworks",
				);
				MARKETING_VERSION = 1.0;
				PRODUCT_BUNDLE_IDENTIFIER = com.yuliya.lesson22.WebAntApp;
				PRODUCT_NAME = "$(TARGET_NAME)";
				SWIFT_EMIT_LOC_STRINGS = YES;
				SWIFT_VERSION = 5.0;
				TARGETED_DEVICE_FAMILY = 1;
			};
			name = Release;
		};
/* End XCBuildConfiguration section */

/* Begin XCConfigurationList section */
		8C7DE786284E0F34001F9D9B /* Build configuration list for PBXProject "WebAntApp" */ = {
			isa = XCConfigurationList;
			buildConfigurations = (
				8C7DE79D284E0F35001F9D9B /* Debug */,
				8C7DE79E284E0F35001F9D9B /* Release */,
			);
			defaultConfigurationIsVisible = 0;
			defaultConfigurationName = Release;
		};
		8C7DE79F284E0F35001F9D9B /* Build configuration list for PBXNativeTarget "WebAntApp" */ = {
			isa = XCConfigurationList;
			buildConfigurations = (
				8C7DE7A0284E0F35001F9D9B /* Debug */,
				8C7DE7A1284E0F35001F9D9B /* Release */,
			);
			defaultConfigurationIsVisible = 0;
			defaultConfigurationName = Release;
		};
/* End XCConfigurationList section */
	};
	rootObject = 8C7DE783284E0F34001F9D9B /* Project object */;
}
